// !$*UTF8*$!
{
	archiveVersion = 1;
	classes = {
	};
	objectVersion = 48;
	objects = {

/* Begin PBXBuildFile section */
		B01B2EC0215ABDB300ACA461 /* SkillTypes.swift in Sources */ = {isa = PBXBuildFile; fileRef = B01B2EBF215ABDB300ACA461 /* SkillTypes.swift */; };
		B01B2EC2215ABDEC00ACA461 /* SkillType.swift in Sources */ = {isa = PBXBuildFile; fileRef = B01B2EC1215ABDEC00ACA461 /* SkillType.swift */; };
		B01B2ECA215ACF3000ACA461 /* skill_type_special.png in Resources */ = {isa = PBXBuildFile; fileRef = B01B2EC4215ACF2E00ACA461 /* skill_type_special.png */; };
		B01B2ECB215ACF3000ACA461 /* skill_type_trigger.png in Resources */ = {isa = PBXBuildFile; fileRef = B01B2EC5215ACF2E00ACA461 /* skill_type_trigger.png */; };
		B01B2ECC215ACF3000ACA461 /* skill_type_support.png in Resources */ = {isa = PBXBuildFile; fileRef = B01B2EC6215ACF2F00ACA461 /* skill_type_support.png */; };
		B01B2ECD215ACF3000ACA461 /* skill_type_bond.png in Resources */ = {isa = PBXBuildFile; fileRef = B01B2EC7215ACF2F00ACA461 /* skill_type_bond.png */; };
		B01B2ECE215ACF3000ACA461 /* skill_type_continuous.png in Resources */ = {isa = PBXBuildFile; fileRef = B01B2EC8215ACF2F00ACA461 /* skill_type_continuous.png */; };
		B01B2ECF215ACF3000ACA461 /* skill_type_active.png in Resources */ = {isa = PBXBuildFile; fileRef = B01B2EC9215ACF2F00ACA461 /* skill_type_active.png */; };
		B01C08B221556F2B00795F9B /* sort_by_number_button.png in Resources */ = {isa = PBXBuildFile; fileRef = B01C08B021556F2B00795F9B /* sort_by_number_button.png */; };
		B01C08B321556F2B00795F9B /* sort_by_name_button.png in Resources */ = {isa = PBXBuildFile; fileRef = B01C08B121556F2B00795F9B /* sort_by_name_button.png */; };
		B0303B98213496DA00F78A00 /* BoxSets.swift in Sources */ = {isa = PBXBuildFile; fileRef = B0303B97213496DA00F78A00 /* BoxSets.swift */; };
		B03C0E4D2296062C0026F2E6 /* APIService.swift in Sources */ = {isa = PBXBuildFile; fileRef = B03C0E4C2296062C0026F2E6 /* APIService.swift */; };
		B03C0E6322961FA50026F2E6 /* carddata.txt in Resources */ = {isa = PBXBuildFile; fileRef = B03C0E6222961FA50026F2E6 /* carddata.txt */; };
		B03D5775201105A9007A3E97 /* CardLists.swift in Sources */ = {isa = PBXBuildFile; fileRef = B03D5774201105A9007A3E97 /* CardLists.swift */; };
		B03D57DB2012CCEF007A3E97 /* 30px-Black.png in Resources */ = {isa = PBXBuildFile; fileRef = B03D57D42012CCEF007A3E97 /* 30px-Black.png */; };
		B03D57DC2012CCEF007A3E97 /* 30px-Blue.png in Resources */ = {isa = PBXBuildFile; fileRef = B03D57D52012CCEF007A3E97 /* 30px-Blue.png */; };
		B03D57DD2012CCEF007A3E97 /* 30px-Red.png in Resources */ = {isa = PBXBuildFile; fileRef = B03D57D62012CCEF007A3E97 /* 30px-Red.png */; };
		B03D57DE2012CCEF007A3E97 /* 30px-Yellow.png in Resources */ = {isa = PBXBuildFile; fileRef = B03D57D72012CCEF007A3E97 /* 30px-Yellow.png */; };
		B03D57DF2012CCEF007A3E97 /* 30px-White.png in Resources */ = {isa = PBXBuildFile; fileRef = B03D57D82012CCEF007A3E97 /* 30px-White.png */; };
		B03D57E02012CCEF007A3E97 /* 30px-Green.png in Resources */ = {isa = PBXBuildFile; fileRef = B03D57D92012CCEF007A3E97 /* 30px-Green.png */; };
		B03D57E12012CCEF007A3E97 /* 30px-Purple.png in Resources */ = {isa = PBXBuildFile; fileRef = B03D57DA2012CCEF007A3E97 /* 30px-Purple.png */; };
		B03D58042012D169007A3E97 /* cipher_header.png in Resources */ = {isa = PBXBuildFile; fileRef = B03D58032012D169007A3E97 /* cipher_header.png */; };
		B03D580A2012DBC5007A3E97 /* CardViewController.swift in Sources */ = {isa = PBXBuildFile; fileRef = B03D58092012DBC5007A3E97 /* CardViewController.swift */; };
		B03D580D2013C100007A3E97 /* SegueFromLeft.swift in Sources */ = {isa = PBXBuildFile; fileRef = B03D580C2013C100007A3E97 /* SegueFromLeft.swift */; };
		B03D580F2013C1A0007A3E97 /* SegueFromRight.swift in Sources */ = {isa = PBXBuildFile; fileRef = B03D580E2013C1A0007A3E97 /* SegueFromRight.swift */; };
		B0497C0621A0B5D3005E5910 /* Rarity.swift in Sources */ = {isa = PBXBuildFile; fileRef = B0497C0521A0B5D3005E5910 /* Rarity.swift */; };
		B0497C0821A0B79F005E5910 /* Rarities.swift in Sources */ = {isa = PBXBuildFile; fileRef = B0497C0721A0B79F005E5910 /* Rarities.swift */; };
		B054BBB3200E68AE004159A6 /* AppDelegate.swift in Sources */ = {isa = PBXBuildFile; fileRef = B054BBB2200E68AE004159A6 /* AppDelegate.swift */; };
		B054BBB5200E68AE004159A6 /* CardListViewController.swift in Sources */ = {isa = PBXBuildFile; fileRef = B054BBB4200E68AE004159A6 /* CardListViewController.swift */; };
		B054BBB8200E68AE004159A6 /* Main.storyboard in Resources */ = {isa = PBXBuildFile; fileRef = B054BBB6200E68AE004159A6 /* Main.storyboard */; };
		B054BBBA200E68AE004159A6 /* Assets.xcassets in Resources */ = {isa = PBXBuildFile; fileRef = B054BBB9200E68AE004159A6 /* Assets.xcassets */; };
		B054BBBD200E68AE004159A6 /* LaunchScreen.storyboard in Resources */ = {isa = PBXBuildFile; fileRef = B054BBBB200E68AE004159A6 /* LaunchScreen.storyboard */; };
		B054BBDF200E9DB7004159A6 /* Insignia.swift in Sources */ = {isa = PBXBuildFile; fileRef = B054BBDE200E9DB7004159A6 /* Insignia.swift */; };
		B054BBE1200E9E8A004159A6 /* Insignias.swift in Sources */ = {isa = PBXBuildFile; fileRef = B054BBE0200E9E8A004159A6 /* Insignias.swift */; };
		B054BBE3200EA461004159A6 /* SupportingSkill.swift in Sources */ = {isa = PBXBuildFile; fileRef = B054BBE2200EA461004159A6 /* SupportingSkill.swift */; };
		B054BBE5200EA4DA004159A6 /* SupportingSkills.swift in Sources */ = {isa = PBXBuildFile; fileRef = B054BBE4200EA4DA004159A6 /* SupportingSkills.swift */; };
		B054BBE7200EA5E0004159A6 /* Card.swift in Sources */ = {isa = PBXBuildFile; fileRef = B054BBE6200EA5E0004159A6 /* Card.swift */; };
		B05D319720EA9ACD008599B3 /* 30px-Colorless.png in Resources */ = {isa = PBXBuildFile; fileRef = B05D319620EA9ACD008599B3 /* 30px-Colorless.png */; };
		B08A6B1F201661C300603113 /* MenuViewController.swift in Sources */ = {isa = PBXBuildFile; fileRef = B08A6B1E201661C300603113 /* MenuViewController.swift */; };
		B08A6B3D201900AD00603113 /* cipher_launch_screen.png in Resources */ = {isa = PBXBuildFile; fileRef = B08A6B3C201900AD00603113 /* cipher_launch_screen.png */; };
		B08A6B3F201902CA00603113 /* UIImageGIF.swift in Sources */ = {isa = PBXBuildFile; fileRef = B08A6B3E201902CA00603113 /* UIImageGIF.swift */; };
		B08A6B42201903AD00603113 /* LaunchScreenViewController.swift in Sources */ = {isa = PBXBuildFile; fileRef = B08A6B41201903AD00603113 /* LaunchScreenViewController.swift */; };
		B08A6B472019065B00603113 /* loading_attack.gif in Resources */ = {isa = PBXBuildFile; fileRef = B08A6B442019065A00603113 /* loading_attack.gif */; };
		B08A6B482019065B00603113 /* loading_guitar.gif in Resources */ = {isa = PBXBuildFile; fileRef = B08A6B452019065A00603113 /* loading_guitar.gif */; };
		B08A6B492019065B00603113 /* loading_fetch.gif in Resources */ = {isa = PBXBuildFile; fileRef = B08A6B462019065B00603113 /* loading_fetch.gif */; };
		B08A6B4B20190E8100603113 /* AnimationList.swift in Sources */ = {isa = PBXBuildFile; fileRef = B08A6B4A20190E8100603113 /* AnimationList.swift */; };
		B090747F22553C3800F4978F /* Cipher_TCGUITests.swift in Sources */ = {isa = PBXBuildFile; fileRef = B090747E22553C3800F4978F /* Cipher_TCGUITests.swift */; };
		B094C4822135D84500DC2870 /* favorite_button.png in Resources */ = {isa = PBXBuildFile; fileRef = B094C4812135D84400DC2870 /* favorite_button.png */; };
		B094C4852135DACF00DC2870 /* Favorites.swift in Sources */ = {isa = PBXBuildFile; fileRef = B094C4842135DACF00DC2870 /* Favorites.swift */; };
		B09EA0672106421C00FDCCEF /* card_placeholder.png in Resources */ = {isa = PBXBuildFile; fileRef = B09EA0662106421C00FDCCEF /* card_placeholder.png */; };
		B0B0233222519600001853E7 /* Cipher_TCGTests.swift in Sources */ = {isa = PBXBuildFile; fileRef = B0B0233122519600001853E7 /* Cipher_TCGTests.swift */; };
		B0B7E3EF20150EAC00331FC3 /* 28px-Attack_Support.png in Resources */ = {isa = PBXBuildFile; fileRef = B0B7E3EC20150EAC00331FC3 /* 28px-Attack_Support.png */; };
		B0B7E3F020150EAC00331FC3 /* 28px-Defense_Support.png in Resources */ = {isa = PBXBuildFile; fileRef = B0B7E3ED20150EAC00331FC3 /* 28px-Defense_Support.png */; };
		B0B7E3F120150EAC00331FC3 /* 60px-AtkDef.png in Resources */ = {isa = PBXBuildFile; fileRef = B0B7E3EE20150EAC00331FC3 /* 60px-AtkDef.png */; };
		B0D1ABDE2114DEDF0051935A /* CardPriceURLs.swift in Sources */ = {isa = PBXBuildFile; fileRef = B0D1ABDD2114DEDE0051935A /* CardPriceURLs.swift */; };
		B0E4223F20191D7C00CA879C /* .gitignore in Resources */ = {isa = PBXBuildFile; fileRef = B0E4223E20191D7C00CA879C /* .gitignore */; };
		B0E4224120191DCE00CA879C /* README.md in Resources */ = {isa = PBXBuildFile; fileRef = B0E4224020191DCE00CA879C /* README.md */; };
/* End PBXBuildFile section */

/* Begin PBXContainerItemProxy section */
		B090748122553C3800F4978F /* PBXContainerItemProxy */ = {
			isa = PBXContainerItemProxy;
			containerPortal = B054BBA7200E68AE004159A6 /* Project object */;
			proxyType = 1;
			remoteGlobalIDString = B054BBAE200E68AE004159A6;
			remoteInfo = "Cipher TCG";
		};
		B0B0233422519600001853E7 /* PBXContainerItemProxy */ = {
			isa = PBXContainerItemProxy;
			containerPortal = B054BBA7200E68AE004159A6 /* Project object */;
			proxyType = 1;
			remoteGlobalIDString = B054BBAE200E68AE004159A6;
			remoteInfo = "Cipher TCG";
		};
/* End PBXContainerItemProxy section */

/* Begin PBXFileReference section */
		B01B2EBF215ABDB300ACA461 /* SkillTypes.swift */ = {isa = PBXFileReference; lastKnownFileType = sourcecode.swift; path = SkillTypes.swift; sourceTree = "<group>"; };
		B01B2EC1215ABDEC00ACA461 /* SkillType.swift */ = {isa = PBXFileReference; lastKnownFileType = sourcecode.swift; path = SkillType.swift; sourceTree = "<group>"; };
		B01B2EC4215ACF2E00ACA461 /* skill_type_special.png */ = {isa = PBXFileReference; lastKnownFileType = image.png; path = skill_type_special.png; sourceTree = "<group>"; };
		B01B2EC5215ACF2E00ACA461 /* skill_type_trigger.png */ = {isa = PBXFileReference; lastKnownFileType = image.png; path = skill_type_trigger.png; sourceTree = "<group>"; };
		B01B2EC6215ACF2F00ACA461 /* skill_type_support.png */ = {isa = PBXFileReference; lastKnownFileType = image.png; path = skill_type_support.png; sourceTree = "<group>"; };
		B01B2EC7215ACF2F00ACA461 /* skill_type_bond.png */ = {isa = PBXFileReference; lastKnownFileType = image.png; path = skill_type_bond.png; sourceTree = "<group>"; };
		B01B2EC8215ACF2F00ACA461 /* skill_type_continuous.png */ = {isa = PBXFileReference; lastKnownFileType = image.png; path = skill_type_continuous.png; sourceTree = "<group>"; };
		B01B2EC9215ACF2F00ACA461 /* skill_type_active.png */ = {isa = PBXFileReference; lastKnownFileType = image.png; path = skill_type_active.png; sourceTree = "<group>"; };
		B01C08B021556F2B00795F9B /* sort_by_number_button.png */ = {isa = PBXFileReference; lastKnownFileType = image.png; path = sort_by_number_button.png; sourceTree = "<group>"; };
		B01C08B121556F2B00795F9B /* sort_by_name_button.png */ = {isa = PBXFileReference; lastKnownFileType = image.png; path = sort_by_name_button.png; sourceTree = "<group>"; };
		B0303B97213496DA00F78A00 /* BoxSets.swift */ = {isa = PBXFileReference; lastKnownFileType = sourcecode.swift; path = BoxSets.swift; sourceTree = "<group>"; };
		B03C0E4C2296062C0026F2E6 /* APIService.swift */ = {isa = PBXFileReference; lastKnownFileType = sourcecode.swift; path = APIService.swift; sourceTree = "<group>"; };
		B03C0E6222961FA50026F2E6 /* carddata.txt */ = {isa = PBXFileReference; lastKnownFileType = text; path = carddata.txt; sourceTree = "<group>"; };
		B03D5774201105A9007A3E97 /* CardLists.swift */ = {isa = PBXFileReference; lastKnownFileType = sourcecode.swift; path = CardLists.swift; sourceTree = "<group>"; };
		B03D57D42012CCEF007A3E97 /* 30px-Black.png */ = {isa = PBXFileReference; lastKnownFileType = image.png; path = "30px-Black.png"; sourceTree = "<group>"; };
		B03D57D52012CCEF007A3E97 /* 30px-Blue.png */ = {isa = PBXFileReference; lastKnownFileType = image.png; path = "30px-Blue.png"; sourceTree = "<group>"; };
		B03D57D62012CCEF007A3E97 /* 30px-Red.png */ = {isa = PBXFileReference; lastKnownFileType = image.png; path = "30px-Red.png"; sourceTree = "<group>"; };
		B03D57D72012CCEF007A3E97 /* 30px-Yellow.png */ = {isa = PBXFileReference; lastKnownFileType = image.png; path = "30px-Yellow.png"; sourceTree = "<group>"; };
		B03D57D82012CCEF007A3E97 /* 30px-White.png */ = {isa = PBXFileReference; lastKnownFileType = image.png; path = "30px-White.png"; sourceTree = "<group>"; };
		B03D57D92012CCEF007A3E97 /* 30px-Green.png */ = {isa = PBXFileReference; lastKnownFileType = image.png; path = "30px-Green.png"; sourceTree = "<group>"; };
		B03D57DA2012CCEF007A3E97 /* 30px-Purple.png */ = {isa = PBXFileReference; lastKnownFileType = image.png; path = "30px-Purple.png"; sourceTree = "<group>"; };
		B03D58032012D169007A3E97 /* cipher_header.png */ = {isa = PBXFileReference; lastKnownFileType = image.png; path = cipher_header.png; sourceTree = "<group>"; };
		B03D58092012DBC5007A3E97 /* CardViewController.swift */ = {isa = PBXFileReference; lastKnownFileType = sourcecode.swift; path = CardViewController.swift; sourceTree = "<group>"; };
		B03D580C2013C100007A3E97 /* SegueFromLeft.swift */ = {isa = PBXFileReference; lastKnownFileType = sourcecode.swift; path = SegueFromLeft.swift; sourceTree = "<group>"; };
		B03D580E2013C1A0007A3E97 /* SegueFromRight.swift */ = {isa = PBXFileReference; lastKnownFileType = sourcecode.swift; path = SegueFromRight.swift; sourceTree = "<group>"; };
		B0497C0521A0B5D3005E5910 /* Rarity.swift */ = {isa = PBXFileReference; lastKnownFileType = sourcecode.swift; path = Rarity.swift; sourceTree = "<group>"; };
		B0497C0721A0B79F005E5910 /* Rarities.swift */ = {isa = PBXFileReference; lastKnownFileType = sourcecode.swift; path = Rarities.swift; sourceTree = "<group>"; };
		B054BBAF200E68AE004159A6 /* Cipher TCG.app */ = {isa = PBXFileReference; explicitFileType = wrapper.application; includeInIndex = 0; path = "Cipher TCG.app"; sourceTree = BUILT_PRODUCTS_DIR; };
		B054BBB2200E68AE004159A6 /* AppDelegate.swift */ = {isa = PBXFileReference; lastKnownFileType = sourcecode.swift; path = AppDelegate.swift; sourceTree = "<group>"; };
		B054BBB4200E68AE004159A6 /* CardListViewController.swift */ = {isa = PBXFileReference; lastKnownFileType = sourcecode.swift; path = CardListViewController.swift; sourceTree = "<group>"; };
		B054BBB7200E68AE004159A6 /* Base */ = {isa = PBXFileReference; lastKnownFileType = file.storyboard; name = Base; path = Base.lproj/Main.storyboard; sourceTree = "<group>"; };
		B054BBB9200E68AE004159A6 /* Assets.xcassets */ = {isa = PBXFileReference; lastKnownFileType = folder.assetcatalog; path = Assets.xcassets; sourceTree = "<group>"; };
		B054BBBC200E68AE004159A6 /* Base */ = {isa = PBXFileReference; lastKnownFileType = file.storyboard; name = Base; path = Base.lproj/LaunchScreen.storyboard; sourceTree = "<group>"; };
		B054BBBE200E68AE004159A6 /* Info.plist */ = {isa = PBXFileReference; lastKnownFileType = text.plist.xml; path = Info.plist; sourceTree = "<group>"; };
		B054BBDE200E9DB7004159A6 /* Insignia.swift */ = {isa = PBXFileReference; lastKnownFileType = sourcecode.swift; path = Insignia.swift; sourceTree = "<group>"; };
		B054BBE0200E9E8A004159A6 /* Insignias.swift */ = {isa = PBXFileReference; lastKnownFileType = sourcecode.swift; path = Insignias.swift; sourceTree = "<group>"; };
		B054BBE2200EA461004159A6 /* SupportingSkill.swift */ = {isa = PBXFileReference; lastKnownFileType = sourcecode.swift; path = SupportingSkill.swift; sourceTree = "<group>"; };
		B054BBE4200EA4DA004159A6 /* SupportingSkills.swift */ = {isa = PBXFileReference; lastKnownFileType = sourcecode.swift; path = SupportingSkills.swift; sourceTree = "<group>"; };
		B054BBE6200EA5E0004159A6 /* Card.swift */ = {isa = PBXFileReference; lastKnownFileType = sourcecode.swift; path = Card.swift; sourceTree = "<group>"; };
		B05D319620EA9ACD008599B3 /* 30px-Colorless.png */ = {isa = PBXFileReference; lastKnownFileType = image.png; path = "30px-Colorless.png"; sourceTree = "<group>"; };
		B08A6B1E201661C300603113 /* MenuViewController.swift */ = {isa = PBXFileReference; lastKnownFileType = sourcecode.swift; path = MenuViewController.swift; sourceTree = "<group>"; };
		B08A6B3C201900AD00603113 /* cipher_launch_screen.png */ = {isa = PBXFileReference; lastKnownFileType = image.png; path = cipher_launch_screen.png; sourceTree = "<group>"; };
		B08A6B3E201902CA00603113 /* UIImageGIF.swift */ = {isa = PBXFileReference; lastKnownFileType = sourcecode.swift; path = UIImageGIF.swift; sourceTree = "<group>"; };
		B08A6B41201903AD00603113 /* LaunchScreenViewController.swift */ = {isa = PBXFileReference; lastKnownFileType = sourcecode.swift; path = LaunchScreenViewController.swift; sourceTree = "<group>"; };
		B08A6B442019065A00603113 /* loading_attack.gif */ = {isa = PBXFileReference; lastKnownFileType = image.gif; path = loading_attack.gif; sourceTree = "<group>"; };
		B08A6B452019065A00603113 /* loading_guitar.gif */ = {isa = PBXFileReference; lastKnownFileType = image.gif; path = loading_guitar.gif; sourceTree = "<group>"; };
		B08A6B462019065B00603113 /* loading_fetch.gif */ = {isa = PBXFileReference; lastKnownFileType = image.gif; path = loading_fetch.gif; sourceTree = "<group>"; };
		B08A6B4A20190E8100603113 /* AnimationList.swift */ = {isa = PBXFileReference; lastKnownFileType = sourcecode.swift; path = AnimationList.swift; sourceTree = "<group>"; };
		B090747C22553C3800F4978F /* Cipher TCGUITests.xctest */ = {isa = PBXFileReference; explicitFileType = wrapper.cfbundle; includeInIndex = 0; path = "Cipher TCGUITests.xctest"; sourceTree = BUILT_PRODUCTS_DIR; };
		B090747E22553C3800F4978F /* Cipher_TCGUITests.swift */ = {isa = PBXFileReference; lastKnownFileType = sourcecode.swift; path = Cipher_TCGUITests.swift; sourceTree = "<group>"; };
		B090748022553C3800F4978F /* Info.plist */ = {isa = PBXFileReference; lastKnownFileType = text.plist.xml; path = Info.plist; sourceTree = "<group>"; };
		B094C4812135D84400DC2870 /* favorite_button.png */ = {isa = PBXFileReference; lastKnownFileType = image.png; path = favorite_button.png; sourceTree = "<group>"; };
		B094C4842135DACF00DC2870 /* Favorites.swift */ = {isa = PBXFileReference; lastKnownFileType = sourcecode.swift; path = Favorites.swift; sourceTree = "<group>"; };
		B09EA0662106421C00FDCCEF /* card_placeholder.png */ = {isa = PBXFileReference; lastKnownFileType = image.png; path = card_placeholder.png; sourceTree = "<group>"; };
		B0B0232F22519600001853E7 /* Cipher TCGTests.xctest */ = {isa = PBXFileReference; explicitFileType = wrapper.cfbundle; includeInIndex = 0; path = "Cipher TCGTests.xctest"; sourceTree = BUILT_PRODUCTS_DIR; };
		B0B0233122519600001853E7 /* Cipher_TCGTests.swift */ = {isa = PBXFileReference; lastKnownFileType = sourcecode.swift; path = Cipher_TCGTests.swift; sourceTree = "<group>"; };
		B0B0233322519600001853E7 /* Info.plist */ = {isa = PBXFileReference; lastKnownFileType = text.plist.xml; path = Info.plist; sourceTree = "<group>"; };
		B0B7E3EC20150EAC00331FC3 /* 28px-Attack_Support.png */ = {isa = PBXFileReference; lastKnownFileType = image.png; path = "28px-Attack_Support.png"; sourceTree = "<group>"; };
		B0B7E3ED20150EAC00331FC3 /* 28px-Defense_Support.png */ = {isa = PBXFileReference; lastKnownFileType = image.png; path = "28px-Defense_Support.png"; sourceTree = "<group>"; };
		B0B7E3EE20150EAC00331FC3 /* 60px-AtkDef.png */ = {isa = PBXFileReference; lastKnownFileType = image.png; path = "60px-AtkDef.png"; sourceTree = "<group>"; };
		B0D1ABDD2114DEDE0051935A /* CardPriceURLs.swift */ = {isa = PBXFileReference; lastKnownFileType = sourcecode.swift; path = CardPriceURLs.swift; sourceTree = "<group>"; };
		B0E4223E20191D7C00CA879C /* .gitignore */ = {isa = PBXFileReference; lastKnownFileType = text; path = .gitignore; sourceTree = SOURCE_ROOT; };
		B0E4224020191DCE00CA879C /* README.md */ = {isa = PBXFileReference; lastKnownFileType = net.daringfireball.markdown; path = README.md; sourceTree = SOURCE_ROOT; };
/* End PBXFileReference section */

/* Begin PBXFrameworksBuildPhase section */
		B054BBAC200E68AE004159A6 /* Frameworks */ = {
			isa = PBXFrameworksBuildPhase;
			buildActionMask = 2147483647;
			files = (
			);
			runOnlyForDeploymentPostprocessing = 0;
		};
		B090747922553C3800F4978F /* Frameworks */ = {
			isa = PBXFrameworksBuildPhase;
			buildActionMask = 2147483647;
			files = (
			);
			runOnlyForDeploymentPostprocessing = 0;
		};
		B0B0232C22519600001853E7 /* Frameworks */ = {
			isa = PBXFrameworksBuildPhase;
			buildActionMask = 2147483647;
			files = (
			);
			runOnlyForDeploymentPostprocessing = 0;
		};
/* End PBXFrameworksBuildPhase section */

/* Begin PBXGroup section */
		B01B2EC3215ACF0800ACA461 /* Skill Categories */ = {
			isa = PBXGroup;
			children = (
				B01B2EC9215ACF2F00ACA461 /* skill_type_active.png */,
				B01B2EC7215ACF2F00ACA461 /* skill_type_bond.png */,
				B01B2EC8215ACF2F00ACA461 /* skill_type_continuous.png */,
				B01B2EC4215ACF2E00ACA461 /* skill_type_special.png */,
				B01B2EC6215ACF2F00ACA461 /* skill_type_support.png */,
				B01B2EC5215ACF2E00ACA461 /* skill_type_trigger.png */,
			);
			path = "Skill Categories";
			sourceTree = "<group>";
		};
		B03C0E4A229605F10026F2E6 /* Services */ = {
			isa = PBXGroup;
			children = (
				B03C0E4B229606080026F2E6 /* APIService */,
			);
			path = Services;
			sourceTree = "<group>";
		};
		B03C0E4B229606080026F2E6 /* APIService */ = {
			isa = PBXGroup;
			children = (
				B03C0E4C2296062C0026F2E6 /* APIService.swift */,
			);
			path = APIService;
			sourceTree = "<group>";
		};
		B03C0E4F229606660026F2E6 /* SkillType */ = {
			isa = PBXGroup;
			children = (
				B01B2EC1215ABDEC00ACA461 /* SkillType.swift */,
				B01B2EBF215ABDB300ACA461 /* SkillTypes.swift */,
			);
			path = SkillType;
			sourceTree = "<group>";
		};
		B03C0E50229606750026F2E6 /* Card */ = {
			isa = PBXGroup;
			children = (
				B054BBE6200EA5E0004159A6 /* Card.swift */,
				B03D5774201105A9007A3E97 /* CardLists.swift */,
			);
			path = Card;
			sourceTree = "<group>";
		};
		B03C0E512296068D0026F2E6 /* Insignia */ = {
			isa = PBXGroup;
			children = (
				B054BBDE200E9DB7004159A6 /* Insignia.swift */,
				B054BBE0200E9E8A004159A6 /* Insignias.swift */,
			);
			path = Insignia;
			sourceTree = "<group>";
		};
		B03C0E52229606A10026F2E6 /* SupportingSkill */ = {
			isa = PBXGroup;
			children = (
				B054BBE2200EA461004159A6 /* SupportingSkill.swift */,
				B054BBE4200EA4DA004159A6 /* SupportingSkills.swift */,
			);
			path = SupportingSkill;
			sourceTree = "<group>";
		};
		B03C0E53229606BF0026F2E6 /* Rarity */ = {
			isa = PBXGroup;
			children = (
				B0497C0521A0B5D3005E5910 /* Rarity.swift */,
				B0497C0721A0B79F005E5910 /* Rarities.swift */,
			);
			path = Rarity;
			sourceTree = "<group>";
		};
		B03C0E55229606FB0026F2E6 /* CardView */ = {
			isa = PBXGroup;
			children = (
				B054BBB4200E68AE004159A6 /* CardListViewController.swift */,
				B03D58092012DBC5007A3E97 /* CardViewController.swift */,
			);
			path = CardView;
			sourceTree = "<group>";
		};
		B03C0E58229609050026F2E6 /* URLs */ = {
			isa = PBXGroup;
			children = (
				B0D1ABDD2114DEDE0051935A /* CardPriceURLs.swift */,
			);
			path = URLs;
			sourceTree = "<group>";
		};
		B03C0E5C229611290026F2E6 /* Storyboards */ = {
			isa = PBXGroup;
			children = (
				B054BBB6200E68AE004159A6 /* Main.storyboard */,
				B054BBBB200E68AE004159A6 /* LaunchScreen.storyboard */,
			);
			path = Storyboards;
			sourceTree = "<group>";
		};
		B03D57D32012CCEF007A3E97 /* Insignia Categories */ = {
			isa = PBXGroup;
			children = (
				B03D57D42012CCEF007A3E97 /* 30px-Black.png */,
				B03D57D52012CCEF007A3E97 /* 30px-Blue.png */,
				B03D57D62012CCEF007A3E97 /* 30px-Red.png */,
				B03D57D72012CCEF007A3E97 /* 30px-Yellow.png */,
				B03D57D82012CCEF007A3E97 /* 30px-White.png */,
				B03D57D92012CCEF007A3E97 /* 30px-Green.png */,
				B03D57DA2012CCEF007A3E97 /* 30px-Purple.png */,
				B05D319620EA9ACD008599B3 /* 30px-Colorless.png */,
			);
			path = "Insignia Categories";
			sourceTree = "<group>";
		};
		B03D580B2013C0D5007A3E97 /* SegueAnimations */ = {
			isa = PBXGroup;
			children = (
				B03D580C2013C100007A3E97 /* SegueFromLeft.swift */,
				B03D580E2013C1A0007A3E97 /* SegueFromRight.swift */,
			);
			path = SegueAnimations;
			sourceTree = "<group>";
		};
		B054BBA6200E68AE004159A6 = {
			isa = PBXGroup;
			children = (
				B054BBB1200E68AE004159A6 /* Cipher TCG */,
				B0B0233022519600001853E7 /* Cipher TCGTests */,
				B090747D22553C3800F4978F /* Cipher TCGUITests */,
				B054BBB0200E68AE004159A6 /* Products */,
			);
			sourceTree = "<group>";
		};
		B054BBB0200E68AE004159A6 /* Products */ = {
			isa = PBXGroup;
			children = (
				B054BBAF200E68AE004159A6 /* Cipher TCG.app */,
				B0B0232F22519600001853E7 /* Cipher TCGTests.xctest */,
				B090747C22553C3800F4978F /* Cipher TCGUITests.xctest */,
			);
			name = Products;
			sourceTree = "<group>";
		};
		B054BBB1200E68AE004159A6 /* Cipher TCG */ = {
			isa = PBXGroup;
			children = (
				B03C0E5C229611290026F2E6 /* Storyboards */,
				B08A6B1D2016532C00603113 /* Extensions */,
				B03D580B2013C0D5007A3E97 /* SegueAnimations */,
				B054BBC7200E7665004159A6 /* Models */,
				B054BBC9200E7B73004159A6 /* Constants */,
				B054BBC4200E6E5F004159A6 /* View Controllers */,
				B03C0E4A229605F10026F2E6 /* Services */,
				B054BBCC200E7BF4004159A6 /* Assets */,
				B054BBB2200E68AE004159A6 /* AppDelegate.swift */,
				B054BBBE200E68AE004159A6 /* Info.plist */,
				B0E4223E20191D7C00CA879C /* .gitignore */,
				B0E4224020191DCE00CA879C /* README.md */,
				B03C0E6222961FA50026F2E6 /* carddata.txt */,
			);
			path = "Cipher TCG";
			sourceTree = "<group>";
		};
		B054BBC4200E6E5F004159A6 /* View Controllers */ = {
			isa = PBXGroup;
			children = (
				B03C0E55229606FB0026F2E6 /* CardView */,
				B08A6B1E201661C300603113 /* MenuViewController.swift */,
				B08A6B41201903AD00603113 /* LaunchScreenViewController.swift */,
			);
			path = "View Controllers";
			sourceTree = "<group>";
		};
		B054BBC7200E7665004159A6 /* Models */ = {
			isa = PBXGroup;
			children = (
				B03C0E50229606750026F2E6 /* Card */,
				B03C0E4F229606660026F2E6 /* SkillType */,
				B03C0E52229606A10026F2E6 /* SupportingSkill */,
				B03C0E512296068D0026F2E6 /* Insignia */,
				B03C0E53229606BF0026F2E6 /* Rarity */,
			);
			path = Models;
			sourceTree = "<group>";
		};
		B054BBC9200E7B73004159A6 /* Constants */ = {
			isa = PBXGroup;
			children = (
				B03C0E58229609050026F2E6 /* URLs */,
				B08A6B4A20190E8100603113 /* AnimationList.swift */,
				B0303B97213496DA00F78A00 /* BoxSets.swift */,
				B094C4842135DACF00DC2870 /* Favorites.swift */,
			);
			path = Constants;
			sourceTree = "<group>";
		};
		B054BBCC200E7BF4004159A6 /* Assets */ = {
			isa = PBXGroup;
			children = (
				B054BBB9200E68AE004159A6 /* Assets.xcassets */,
				B054BBCD200E7C03004159A6 /* Images */,
			);
			path = Assets;
			sourceTree = "<group>";
		};
		B054BBCD200E7C03004159A6 /* Images */ = {
			isa = PBXGroup;
			children = (
				B08A6B3C201900AD00603113 /* cipher_launch_screen.png */,
				B03D58032012D169007A3E97 /* cipher_header.png */,
				B09EA0662106421C00FDCCEF /* card_placeholder.png */,
				B094C4812135D84400DC2870 /* favorite_button.png */,
				B01C08B121556F2B00795F9B /* sort_by_name_button.png */,
				B01C08B021556F2B00795F9B /* sort_by_number_button.png */,
				B08A6B432019064900603113 /* Loading Gifs */,
				B01B2EC3215ACF0800ACA461 /* Skill Categories */,
				B0B7E3EB20150E7900331FC3 /* Supporting Skill Categories */,
				B03D57D32012CCEF007A3E97 /* Insignia Categories */,
			);
			path = Images;
			sourceTree = "<group>";
		};
		B08A6B1D2016532C00603113 /* Extensions */ = {
			isa = PBXGroup;
			children = (
				B08A6B3E201902CA00603113 /* UIImageGIF.swift */,
			);
			path = Extensions;
			sourceTree = "<group>";
		};
		B08A6B432019064900603113 /* Loading Gifs */ = {
			isa = PBXGroup;
			children = (
				B08A6B442019065A00603113 /* loading_attack.gif */,
				B08A6B462019065B00603113 /* loading_fetch.gif */,
				B08A6B452019065A00603113 /* loading_guitar.gif */,
			);
			path = "Loading Gifs";
			sourceTree = "<group>";
		};
		B090747D22553C3800F4978F /* Cipher TCGUITests */ = {
			isa = PBXGroup;
			children = (
				B090747E22553C3800F4978F /* Cipher_TCGUITests.swift */,
				B090748022553C3800F4978F /* Info.plist */,
			);
			path = "Cipher TCGUITests";
			sourceTree = "<group>";
		};
		B0B0233022519600001853E7 /* Cipher TCGTests */ = {
			isa = PBXGroup;
			children = (
				B0B0233122519600001853E7 /* Cipher_TCGTests.swift */,
				B0B0233322519600001853E7 /* Info.plist */,
			);
			path = "Cipher TCGTests";
			sourceTree = "<group>";
		};
		B0B7E3EB20150E7900331FC3 /* Supporting Skill Categories */ = {
			isa = PBXGroup;
			children = (
				B0B7E3EC20150EAC00331FC3 /* 28px-Attack_Support.png */,
				B0B7E3ED20150EAC00331FC3 /* 28px-Defense_Support.png */,
				B0B7E3EE20150EAC00331FC3 /* 60px-AtkDef.png */,
			);
			path = "Supporting Skill Categories";
			sourceTree = "<group>";
		};
/* End PBXGroup section */

/* Begin PBXNativeTarget section */
		B054BBAE200E68AE004159A6 /* Cipher TCG */ = {
			isa = PBXNativeTarget;
			buildConfigurationList = B054BBC1200E68AE004159A6 /* Build configuration list for PBXNativeTarget "Cipher TCG" */;
			buildPhases = (
				B054BBAB200E68AE004159A6 /* Sources */,
				B054BBAC200E68AE004159A6 /* Frameworks */,
				B054BBAD200E68AE004159A6 /* Resources */,
			);
			buildRules = (
			);
			dependencies = (
			);
			name = "Cipher TCG";
			productName = "Cipher TCG";
			productReference = B054BBAF200E68AE004159A6 /* Cipher TCG.app */;
			productType = "com.apple.product-type.application";
		};
		B090747B22553C3800F4978F /* Cipher TCGUITests */ = {
			isa = PBXNativeTarget;
			buildConfigurationList = B090748522553C3800F4978F /* Build configuration list for PBXNativeTarget "Cipher TCGUITests" */;
			buildPhases = (
				B090747822553C3800F4978F /* Sources */,
				B090747922553C3800F4978F /* Frameworks */,
				B090747A22553C3800F4978F /* Resources */,
			);
			buildRules = (
			);
			dependencies = (
				B090748222553C3800F4978F /* PBXTargetDependency */,
			);
			name = "Cipher TCGUITests";
			productName = "Cipher TCGUITests";
			productReference = B090747C22553C3800F4978F /* Cipher TCGUITests.xctest */;
			productType = "com.apple.product-type.bundle.ui-testing";
		};
		B0B0232E22519600001853E7 /* Cipher TCGTests */ = {
			isa = PBXNativeTarget;
			buildConfigurationList = B0B0233822519600001853E7 /* Build configuration list for PBXNativeTarget "Cipher TCGTests" */;
			buildPhases = (
				B0B0232B22519600001853E7 /* Sources */,
				B0B0232C22519600001853E7 /* Frameworks */,
				B0B0232D22519600001853E7 /* Resources */,
			);
			buildRules = (
			);
			dependencies = (
				B0B0233522519600001853E7 /* PBXTargetDependency */,
			);
			name = "Cipher TCGTests";
			productName = "Cipher TCGTests";
			productReference = B0B0232F22519600001853E7 /* Cipher TCGTests.xctest */;
			productType = "com.apple.product-type.bundle.unit-test";
		};
/* End PBXNativeTarget section */

/* Begin PBXProject section */
		B054BBA7200E68AE004159A6 /* Project object */ = {
			isa = PBXProject;
			attributes = {
				LastSwiftUpdateCheck = 1020;
				LastUpgradeCheck = 0940;
				ORGANIZATIONNAME = "Dylan Rothfeld";
				TargetAttributes = {
					B054BBAE200E68AE004159A6 = {
						CreatedOnToolsVersion = 9.2;
						LastSwiftMigration = 1020;
						ProvisioningStyle = Automatic;
					};
					B090747B22553C3800F4978F = {
						CreatedOnToolsVersion = 10.2;
						ProvisioningStyle = Automatic;
						TestTargetID = B054BBAE200E68AE004159A6;
					};
					B0B0232E22519600001853E7 = {
						CreatedOnToolsVersion = 10.2;
						ProvisioningStyle = Automatic;
						TestTargetID = B054BBAE200E68AE004159A6;
					};
				};
			};
			buildConfigurationList = B054BBAA200E68AE004159A6 /* Build configuration list for PBXProject "Cipher TCG" */;
			compatibilityVersion = "Xcode 8.0";
			developmentRegion = en;
			hasScannedForEncodings = 0;
			knownRegions = (
				en,
				Base,
			);
			mainGroup = B054BBA6200E68AE004159A6;
			productRefGroup = B054BBB0200E68AE004159A6 /* Products */;
			projectDirPath = "";
			projectRoot = "";
			targets = (
				B054BBAE200E68AE004159A6 /* Cipher TCG */,
				B0B0232E22519600001853E7 /* Cipher TCGTests */,
				B090747B22553C3800F4978F /* Cipher TCGUITests */,
			);
		};
/* End PBXProject section */

/* Begin PBXResourcesBuildPhase section */
		B054BBAD200E68AE004159A6 /* Resources */ = {
			isa = PBXResourcesBuildPhase;
			buildActionMask = 2147483647;
			files = (
				B03D57DC2012CCEF007A3E97 /* 30px-Blue.png in Resources */,
				B03C0E6322961FA50026F2E6 /* carddata.txt in Resources */,
				B0E4223F20191D7C00CA879C /* .gitignore in Resources */,
				B08A6B472019065B00603113 /* loading_attack.gif in Resources */,
				B054BBBD200E68AE004159A6 /* LaunchScreen.storyboard in Resources */,
				B01B2ECE215ACF3000ACA461 /* skill_type_continuous.png in Resources */,
				B01B2ECA215ACF3000ACA461 /* skill_type_special.png in Resources */,
				B0B7E3F020150EAC00331FC3 /* 28px-Defense_Support.png in Resources */,
				B01C08B321556F2B00795F9B /* sort_by_name_button.png in Resources */,
				B05D319720EA9ACD008599B3 /* 30px-Colorless.png in Resources */,
				B08A6B492019065B00603113 /* loading_fetch.gif in Resources */,
				B03D57DE2012CCEF007A3E97 /* 30px-Yellow.png in Resources */,
				B01B2ECB215ACF3000ACA461 /* skill_type_trigger.png in Resources */,
				B01C08B221556F2B00795F9B /* sort_by_number_button.png in Resources */,
				B03D57E12012CCEF007A3E97 /* 30px-Purple.png in Resources */,
				B01B2ECD215ACF3000ACA461 /* skill_type_bond.png in Resources */,
				B0B7E3F120150EAC00331FC3 /* 60px-AtkDef.png in Resources */,
				B054BBBA200E68AE004159A6 /* Assets.xcassets in Resources */,
				B03D57E02012CCEF007A3E97 /* 30px-Green.png in Resources */,
				B01B2ECF215ACF3000ACA461 /* skill_type_active.png in Resources */,
				B094C4822135D84500DC2870 /* favorite_button.png in Resources */,
				B01B2ECC215ACF3000ACA461 /* skill_type_support.png in Resources */,
				B03D57DD2012CCEF007A3E97 /* 30px-Red.png in Resources */,
				B08A6B482019065B00603113 /* loading_guitar.gif in Resources */,
				B0E4224120191DCE00CA879C /* README.md in Resources */,
				B09EA0672106421C00FDCCEF /* card_placeholder.png in Resources */,
				B03D57DF2012CCEF007A3E97 /* 30px-White.png in Resources */,
				B054BBB8200E68AE004159A6 /* Main.storyboard in Resources */,
				B0B7E3EF20150EAC00331FC3 /* 28px-Attack_Support.png in Resources */,
				B03D57DB2012CCEF007A3E97 /* 30px-Black.png in Resources */,
				B03D58042012D169007A3E97 /* cipher_header.png in Resources */,
				B08A6B3D201900AD00603113 /* cipher_launch_screen.png in Resources */,
			);
			runOnlyForDeploymentPostprocessing = 0;
		};
		B090747A22553C3800F4978F /* Resources */ = {
			isa = PBXResourcesBuildPhase;
			buildActionMask = 2147483647;
			files = (
			);
			runOnlyForDeploymentPostprocessing = 0;
		};
		B0B0232D22519600001853E7 /* Resources */ = {
			isa = PBXResourcesBuildPhase;
			buildActionMask = 2147483647;
			files = (
			);
			runOnlyForDeploymentPostprocessing = 0;
		};
/* End PBXResourcesBuildPhase section */

/* Begin PBXSourcesBuildPhase section */
		B054BBAB200E68AE004159A6 /* Sources */ = {
			isa = PBXSourcesBuildPhase;
			buildActionMask = 2147483647;
			files = (
				B03C0E4D2296062C0026F2E6 /* APIService.swift in Sources */,
				B054BBE3200EA461004159A6 /* SupportingSkill.swift in Sources */,
				B054BBDF200E9DB7004159A6 /* Insignia.swift in Sources */,
				B054BBE7200EA5E0004159A6 /* Card.swift in Sources */,
				B08A6B4B20190E8100603113 /* AnimationList.swift in Sources */,
				B03D580F2013C1A0007A3E97 /* SegueFromRight.swift in Sources */,
				B03D580D2013C100007A3E97 /* SegueFromLeft.swift in Sources */,
				B094C4852135DACF00DC2870 /* Favorites.swift in Sources */,
				B08A6B1F201661C300603113 /* MenuViewController.swift in Sources */,
				B054BBE5200EA4DA004159A6 /* SupportingSkills.swift in Sources */,
				B054BBE1200E9E8A004159A6 /* Insignias.swift in Sources */,
				B0497C0621A0B5D3005E5910 /* Rarity.swift in Sources */,
				B03D580A2012DBC5007A3E97 /* CardViewController.swift in Sources */,
				B054BBB3200E68AE004159A6 /* AppDelegate.swift in Sources */,
				B01B2EC0215ABDB300ACA461 /* SkillTypes.swift in Sources */,
				B0303B98213496DA00F78A00 /* BoxSets.swift in Sources */,
				B03D5775201105A9007A3E97 /* CardLists.swift in Sources */,
				B08A6B3F201902CA00603113 /* UIImageGIF.swift in Sources */,
				B0497C0821A0B79F005E5910 /* Rarities.swift in Sources */,
				B0D1ABDE2114DEDF0051935A /* CardPriceURLs.swift in Sources */,
				B01B2EC2215ABDEC00ACA461 /* SkillType.swift in Sources */,
				B08A6B42201903AD00603113 /* LaunchScreenViewController.swift in Sources */,
				B054BBB5200E68AE004159A6 /* CardListViewController.swift in Sources */,
			);
			runOnlyForDeploymentPostprocessing = 0;
		};
		B090747822553C3800F4978F /* Sources */ = {
			isa = PBXSourcesBuildPhase;
			buildActionMask = 2147483647;
			files = (
				B090747F22553C3800F4978F /* Cipher_TCGUITests.swift in Sources */,
			);
			runOnlyForDeploymentPostprocessing = 0;
		};
		B0B0232B22519600001853E7 /* Sources */ = {
			isa = PBXSourcesBuildPhase;
			buildActionMask = 2147483647;
			files = (
				B0B0233222519600001853E7 /* Cipher_TCGTests.swift in Sources */,
			);
			runOnlyForDeploymentPostprocessing = 0;
		};
/* End PBXSourcesBuildPhase section */

/* Begin PBXTargetDependency section */
		B090748222553C3800F4978F /* PBXTargetDependency */ = {
			isa = PBXTargetDependency;
			target = B054BBAE200E68AE004159A6 /* Cipher TCG */;
			targetProxy = B090748122553C3800F4978F /* PBXContainerItemProxy */;
		};
		B0B0233522519600001853E7 /* PBXTargetDependency */ = {
			isa = PBXTargetDependency;
			target = B054BBAE200E68AE004159A6 /* Cipher TCG */;
			targetProxy = B0B0233422519600001853E7 /* PBXContainerItemProxy */;
		};
/* End PBXTargetDependency section */

/* Begin PBXVariantGroup section */
		B054BBB6200E68AE004159A6 /* Main.storyboard */ = {
			isa = PBXVariantGroup;
			children = (
				B054BBB7200E68AE004159A6 /* Base */,
			);
			name = Main.storyboard;
			sourceTree = "<group>";
		};
		B054BBBB200E68AE004159A6 /* LaunchScreen.storyboard */ = {
			isa = PBXVariantGroup;
			children = (
				B054BBBC200E68AE004159A6 /* Base */,
			);
			name = LaunchScreen.storyboard;
			sourceTree = "<group>";
		};
/* End PBXVariantGroup section */

/* Begin XCBuildConfiguration section */
		B054BBBF200E68AE004159A6 /* Debug */ = {
			isa = XCBuildConfiguration;
			buildSettings = {
				ALWAYS_SEARCH_USER_PATHS = NO;
				CLANG_ANALYZER_NONNULL = YES;
				CLANG_ANALYZER_NUMBER_OBJECT_CONVERSION = YES_AGGRESSIVE;
				CLANG_CXX_LANGUAGE_STANDARD = "gnu++14";
				CLANG_CXX_LIBRARY = "libc++";
				CLANG_ENABLE_MODULES = YES;
				CLANG_ENABLE_OBJC_ARC = YES;
				CLANG_WARN_BLOCK_CAPTURE_AUTORELEASING = YES;
				CLANG_WARN_BOOL_CONVERSION = YES;
				CLANG_WARN_COMMA = YES;
				CLANG_WARN_CONSTANT_CONVERSION = YES;
				CLANG_WARN_DEPRECATED_OBJC_IMPLEMENTATIONS = YES;
				CLANG_WARN_DIRECT_OBJC_ISA_USAGE = YES_ERROR;
				CLANG_WARN_DOCUMENTATION_COMMENTS = YES;
				CLANG_WARN_EMPTY_BODY = YES;
				CLANG_WARN_ENUM_CONVERSION = YES;
				CLANG_WARN_INFINITE_RECURSION = YES;
				CLANG_WARN_INT_CONVERSION = YES;
				CLANG_WARN_NON_LITERAL_NULL_CONVERSION = YES;
				CLANG_WARN_OBJC_IMPLICIT_RETAIN_SELF = YES;
				CLANG_WARN_OBJC_LITERAL_CONVERSION = YES;
				CLANG_WARN_OBJC_ROOT_CLASS = YES_ERROR;
				CLANG_WARN_RANGE_LOOP_ANALYSIS = YES;
				CLANG_WARN_STRICT_PROTOTYPES = YES;
				CLANG_WARN_SUSPICIOUS_MOVE = YES;
				CLANG_WARN_UNGUARDED_AVAILABILITY = YES_AGGRESSIVE;
				CLANG_WARN_UNREACHABLE_CODE = YES;
				CLANG_WARN__DUPLICATE_METHOD_MATCH = YES;
				CODE_SIGN_IDENTITY = "iPhone Developer";
				COPY_PHASE_STRIP = NO;
				DEBUG_INFORMATION_FORMAT = dwarf;
				ENABLE_STRICT_OBJC_MSGSEND = YES;
				ENABLE_TESTABILITY = YES;
				GCC_C_LANGUAGE_STANDARD = gnu11;
				GCC_DYNAMIC_NO_PIC = NO;
				GCC_NO_COMMON_BLOCKS = YES;
				GCC_OPTIMIZATION_LEVEL = 0;
				GCC_PREPROCESSOR_DEFINITIONS = (
					"DEBUG=1",
					"$(inherited)",
				);
				GCC_WARN_64_TO_32_BIT_CONVERSION = YES;
				GCC_WARN_ABOUT_RETURN_TYPE = YES_ERROR;
				GCC_WARN_UNDECLARED_SELECTOR = YES;
				GCC_WARN_UNINITIALIZED_AUTOS = YES_AGGRESSIVE;
				GCC_WARN_UNUSED_FUNCTION = YES;
				GCC_WARN_UNUSED_VARIABLE = YES;
				IPHONEOS_DEPLOYMENT_TARGET = 11.2;
				MTL_ENABLE_DEBUG_INFO = YES;
				ONLY_ACTIVE_ARCH = YES;
				SDKROOT = iphoneos;
				SWIFT_ACTIVE_COMPILATION_CONDITIONS = DEBUG;
				SWIFT_OPTIMIZATION_LEVEL = "-Onone";
			};
			name = Debug;
		};
		B054BBC0200E68AE004159A6 /* Release */ = {
			isa = XCBuildConfiguration;
			buildSettings = {
				ALWAYS_SEARCH_USER_PATHS = NO;
				CLANG_ANALYZER_NONNULL = YES;
				CLANG_ANALYZER_NUMBER_OBJECT_CONVERSION = YES_AGGRESSIVE;
				CLANG_CXX_LANGUAGE_STANDARD = "gnu++14";
				CLANG_CXX_LIBRARY = "libc++";
				CLANG_ENABLE_MODULES = YES;
				CLANG_ENABLE_OBJC_ARC = YES;
				CLANG_WARN_BLOCK_CAPTURE_AUTORELEASING = YES;
				CLANG_WARN_BOOL_CONVERSION = YES;
				CLANG_WARN_COMMA = YES;
				CLANG_WARN_CONSTANT_CONVERSION = YES;
				CLANG_WARN_DEPRECATED_OBJC_IMPLEMENTATIONS = YES;
				CLANG_WARN_DIRECT_OBJC_ISA_USAGE = YES_ERROR;
				CLANG_WARN_DOCUMENTATION_COMMENTS = YES;
				CLANG_WARN_EMPTY_BODY = YES;
				CLANG_WARN_ENUM_CONVERSION = YES;
				CLANG_WARN_INFINITE_RECURSION = YES;
				CLANG_WARN_INT_CONVERSION = YES;
				CLANG_WARN_NON_LITERAL_NULL_CONVERSION = YES;
				CLANG_WARN_OBJC_IMPLICIT_RETAIN_SELF = YES;
				CLANG_WARN_OBJC_LITERAL_CONVERSION = YES;
				CLANG_WARN_OBJC_ROOT_CLASS = YES_ERROR;
				CLANG_WARN_RANGE_LOOP_ANALYSIS = YES;
				CLANG_WARN_STRICT_PROTOTYPES = YES;
				CLANG_WARN_SUSPICIOUS_MOVE = YES;
				CLANG_WARN_UNGUARDED_AVAILABILITY = YES_AGGRESSIVE;
				CLANG_WARN_UNREACHABLE_CODE = YES;
				CLANG_WARN__DUPLICATE_METHOD_MATCH = YES;
				CODE_SIGN_IDENTITY = "iPhone Developer";
				COPY_PHASE_STRIP = NO;
				DEBUG_INFORMATION_FORMAT = "dwarf-with-dsym";
				ENABLE_NS_ASSERTIONS = NO;
				ENABLE_STRICT_OBJC_MSGSEND = YES;
				GCC_C_LANGUAGE_STANDARD = gnu11;
				GCC_NO_COMMON_BLOCKS = YES;
				GCC_WARN_64_TO_32_BIT_CONVERSION = YES;
				GCC_WARN_ABOUT_RETURN_TYPE = YES_ERROR;
				GCC_WARN_UNDECLARED_SELECTOR = YES;
				GCC_WARN_UNINITIALIZED_AUTOS = YES_AGGRESSIVE;
				GCC_WARN_UNUSED_FUNCTION = YES;
				GCC_WARN_UNUSED_VARIABLE = YES;
				IPHONEOS_DEPLOYMENT_TARGET = 11.2;
				MTL_ENABLE_DEBUG_INFO = NO;
				SDKROOT = iphoneos;
				SWIFT_OPTIMIZATION_LEVEL = "-Owholemodule";
				VALIDATE_PRODUCT = YES;
			};
			name = Release;
		};
		B054BBC2200E68AE004159A6 /* Debug */ = {
			isa = XCBuildConfiguration;
			buildSettings = {
				ASSETCATALOG_COMPILER_APPICON_NAME = AppIcon;
				CODE_SIGN_IDENTITY = "iPhone Developer";
				CODE_SIGN_STYLE = Automatic;
				DEVELOPMENT_TEAM = X984X22XTP;
				INFOPLIST_FILE = "Cipher TCG/Info.plist";
				LD_RUNPATH_SEARCH_PATHS = "$(inherited) @executable_path/Frameworks";
				PRODUCT_BUNDLE_IDENTIFIER = "drothfeld.Cipher-TCG";
				PRODUCT_NAME = "$(TARGET_NAME)";
				PROVISIONING_PROFILE_SPECIFIER = "";
				SWIFT_VERSION = 5.0;
				TARGETED_DEVICE_FAMILY = "1,2";
			};
			name = Debug;
		};
		B054BBC3200E68AE004159A6 /* Release */ = {
			isa = XCBuildConfiguration;
			buildSettings = {
				ASSETCATALOG_COMPILER_APPICON_NAME = AppIcon;
				CODE_SIGN_IDENTITY = "iPhone Developer";
				CODE_SIGN_STYLE = Automatic;
				DEVELOPMENT_TEAM = X984X22XTP;
				INFOPLIST_FILE = "Cipher TCG/Info.plist";
				LD_RUNPATH_SEARCH_PATHS = "$(inherited) @executable_path/Frameworks";
				PRODUCT_BUNDLE_IDENTIFIER = "drothfeld.Cipher-TCG";
				PRODUCT_NAME = "$(TARGET_NAME)";
				PROVISIONING_PROFILE_SPECIFIER = "";
				SWIFT_VERSION = 5.0;
				TARGETED_DEVICE_FAMILY = "1,2";
			};
			name = Release;
		};
		B090748322553C3800F4978F /* Debug */ = {
			isa = XCBuildConfiguration;
			buildSettings = {
				CLANG_ENABLE_OBJC_WEAK = YES;
				CODE_SIGN_STYLE = Automatic;
				DEVELOPMENT_TEAM = X984X22XTP;
				INFOPLIST_FILE = "Cipher TCGUITests/Info.plist";
				IPHONEOS_DEPLOYMENT_TARGET = 12.2;
				LD_RUNPATH_SEARCH_PATHS = "$(inherited) @executable_path/Frameworks @loader_path/Frameworks";
				MTL_ENABLE_DEBUG_INFO = INCLUDE_SOURCE;
				MTL_FAST_MATH = YES;
				PRODUCT_BUNDLE_IDENTIFIER = "drothfeld.Cipher-TCGUITests";
				PRODUCT_NAME = "$(TARGET_NAME)";
				SWIFT_VERSION = 5.0;
				TARGETED_DEVICE_FAMILY = "1,2";
				TEST_TARGET_NAME = "Cipher TCG";
			};
			name = Debug;
		};
		B090748422553C3800F4978F /* Release */ = {
			isa = XCBuildConfiguration;
			buildSettings = {
				CLANG_ENABLE_OBJC_WEAK = YES;
				CODE_SIGN_STYLE = Automatic;
				DEVELOPMENT_TEAM = X984X22XTP;
				INFOPLIST_FILE = "Cipher TCGUITests/Info.plist";
				IPHONEOS_DEPLOYMENT_TARGET = 12.2;
				LD_RUNPATH_SEARCH_PATHS = "$(inherited) @executable_path/Frameworks @loader_path/Frameworks";
				MTL_FAST_MATH = YES;
				PRODUCT_BUNDLE_IDENTIFIER = "drothfeld.Cipher-TCGUITests";
				PRODUCT_NAME = "$(TARGET_NAME)";
				SWIFT_VERSION = 5.0;
				TARGETED_DEVICE_FAMILY = "1,2";
				TEST_TARGET_NAME = "Cipher TCG";
			};
			name = Release;
		};
		B0B0233622519600001853E7 /* Debug */ = {
			isa = XCBuildConfiguration;
			buildSettings = {
				BUNDLE_LOADER = "$(TEST_HOST)";
				CLANG_ENABLE_OBJC_WEAK = YES;
				CODE_SIGN_STYLE = Automatic;
				DEVELOPMENT_TEAM = X984X22XTP;
				INFOPLIST_FILE = "Cipher TCGTests/Info.plist";
				IPHONEOS_DEPLOYMENT_TARGET = 12.2;
				LD_RUNPATH_SEARCH_PATHS = "$(inherited) @executable_path/Frameworks @loader_path/Frameworks";
				MTL_ENABLE_DEBUG_INFO = INCLUDE_SOURCE;
				MTL_FAST_MATH = YES;
				PRODUCT_BUNDLE_IDENTIFIER = "drothfeld.Cipher-TCGTests";
				PRODUCT_NAME = "$(TARGET_NAME)";
				SWIFT_VERSION = 5.0;
				TARGETED_DEVICE_FAMILY = "1,2";
				TEST_HOST = "$(BUILT_PRODUCTS_DIR)/Cipher TCG.app/Cipher TCG";
			};
			name = Debug;
		};
		B0B0233722519600001853E7 /* Release */ = {
			isa = XCBuildConfiguration;
			buildSettings = {
				BUNDLE_LOADER = "$(TEST_HOST)";
				CLANG_ENABLE_OBJC_WEAK = YES;
				CODE_SIGN_STYLE = Automatic;
				DEVELOPMENT_TEAM = X984X22XTP;
				INFOPLIST_FILE = "Cipher TCGTests/Info.plist";
				IPHONEOS_DEPLOYMENT_TARGET = 12.2;
				LD_RUNPATH_SEARCH_PATHS = "$(inherited) @executable_path/Frameworks @loader_path/Frameworks";
				MTL_FAST_MATH = YES;
				PRODUCT_BUNDLE_IDENTIFIER = "drothfeld.Cipher-TCGTests";
				PRODUCT_NAME = "$(TARGET_NAME)";
				SWIFT_VERSION = 5.0;
				TARGETED_DEVICE_FAMILY = "1,2";
				TEST_HOST = "$(BUILT_PRODUCTS_DIR)/Cipher TCG.app/Cipher TCG";
			};
			name = Release;
		};
/* End XCBuildConfiguration section */

/* Begin XCConfigurationList section */
		B054BBAA200E68AE004159A6 /* Build configuration list for PBXProject "Cipher TCG" */ = {
			isa = XCConfigurationList;
			buildConfigurations = (
				B054BBBF200E68AE004159A6 /* Debug */,
				B054BBC0200E68AE004159A6 /* Release */,
			);
			defaultConfigurationIsVisible = 0;
			defaultConfigurationName = Release;
		};
		B054BBC1200E68AE004159A6 /* Build configuration list for PBXNativeTarget "Cipher TCG" */ = {
			isa = XCConfigurationList;
			buildConfigurations = (
				B054BBC2200E68AE004159A6 /* Debug */,
				B054BBC3200E68AE004159A6 /* Release */,
			);
			defaultConfigurationIsVisible = 0;
			defaultConfigurationName = Release;
		};
		B090748522553C3800F4978F /* Build configuration list for PBXNativeTarget "Cipher TCGUITests" */ = {
			isa = XCConfigurationList;
			buildConfigurations = (
				B090748322553C3800F4978F /* Debug */,
				B090748422553C3800F4978F /* Release */,
			);
			defaultConfigurationIsVisible = 0;
			defaultConfigurationName = Release;
		};
		B0B0233822519600001853E7 /* Build configuration list for PBXNativeTarget "Cipher TCGTests" */ = {
			isa = XCConfigurationList;
			buildConfigurations = (
				B0B0233622519600001853E7 /* Debug */,
				B0B0233722519600001853E7 /* Release */,
			);
			defaultConfigurationIsVisible = 0;
			defaultConfigurationName = Release;
		};
/* End XCConfigurationList section */
	};
	rootObject = B054BBA7200E68AE004159A6 /* Project object */;
}
