// !$*UTF8*$!
{
	archiveVersion = 1;
	classes = {
	};
	objectVersion = 48;
	objects = {

/* Begin PBXBuildFile section */
		B01C08B221556F2B00795F9B /* sort_by_number_button.png in Resources */ = {isa = PBXBuildFile; fileRef = B01C08B021556F2B00795F9B /* sort_by_number_button.png */; };
		B01C08B321556F2B00795F9B /* sort_by_name_button.png in Resources */ = {isa = PBXBuildFile; fileRef = B01C08B121556F2B00795F9B /* sort_by_name_button.png */; };
		B03C0E4D2296062C0026F2E6 /* APIService.swift in Sources */ = {isa = PBXBuildFile; fileRef = B03C0E4C2296062C0026F2E6 /* APIService.swift */; };
		B03C0E6322961FA50026F2E6 /* carddata.txt in Resources */ = {isa = PBXBuildFile; fileRef = B03C0E6222961FA50026F2E6 /* carddata.txt */; };
		B03D57DB2012CCEF007A3E97 /* 30px-Black.png in Resources */ = {isa = PBXBuildFile; fileRef = B03D57D42012CCEF007A3E97 /* 30px-Black.png */; };
		B03D57DC2012CCEF007A3E97 /* 30px-Blue.png in Resources */ = {isa = PBXBuildFile; fileRef = B03D57D52012CCEF007A3E97 /* 30px-Blue.png */; };
		B03D57DD2012CCEF007A3E97 /* 30px-Red.png in Resources */ = {isa = PBXBuildFile; fileRef = B03D57D62012CCEF007A3E97 /* 30px-Red.png */; };
		B03D57DE2012CCEF007A3E97 /* 30px-Yellow.png in Resources */ = {isa = PBXBuildFile; fileRef = B03D57D72012CCEF007A3E97 /* 30px-Yellow.png */; };
		B03D57DF2012CCEF007A3E97 /* 30px-White.png in Resources */ = {isa = PBXBuildFile; fileRef = B03D57D82012CCEF007A3E97 /* 30px-White.png */; };
		B03D57E02012CCEF007A3E97 /* 30px-Green.png in Resources */ = {isa = PBXBuildFile; fileRef = B03D57D92012CCEF007A3E97 /* 30px-Green.png */; };
		B03D57E12012CCEF007A3E97 /* 30px-Purple.png in Resources */ = {isa = PBXBuildFile; fileRef = B03D57DA2012CCEF007A3E97 /* 30px-Purple.png */; };
		B03D58042012D169007A3E97 /* cipher_header.png in Resources */ = {isa = PBXBuildFile; fileRef = B03D58032012D169007A3E97 /* cipher_header.png */; };
		B03D580A2012DBC5007A3E97 /* CardViewController.swift in Sources */ = {isa = PBXBuildFile; fileRef = B03D58092012DBC5007A3E97 /* CardViewController.swift */; };
		B03D580D2013C100007A3E97 /* SegueFromLeft.swift in Sources */ = {isa = PBXBuildFile; fileRef = B03D580C2013C100007A3E97 /* SegueFromLeft.swift */; };
		B03D580F2013C1A0007A3E97 /* SegueFromRight.swift in Sources */ = {isa = PBXBuildFile; fileRef = B03D580E2013C1A0007A3E97 /* SegueFromRight.swift */; };
		B054BBB3200E68AE004159A6 /* AppDelegate.swift in Sources */ = {isa = PBXBuildFile; fileRef = B054BBB2200E68AE004159A6 /* AppDelegate.swift */; };
		B054BBB5200E68AE004159A6 /* CardListViewController.swift in Sources */ = {isa = PBXBuildFile; fileRef = B054BBB4200E68AE004159A6 /* CardListViewController.swift */; };
		B054BBB8200E68AE004159A6 /* Main.storyboard in Resources */ = {isa = PBXBuildFile; fileRef = B054BBB6200E68AE004159A6 /* Main.storyboard */; };
		B054BBBA200E68AE004159A6 /* Assets.xcassets in Resources */ = {isa = PBXBuildFile; fileRef = B054BBB9200E68AE004159A6 /* Assets.xcassets */; };
		B054BBBD200E68AE004159A6 /* LaunchScreen.storyboard in Resources */ = {isa = PBXBuildFile; fileRef = B054BBBB200E68AE004159A6 /* LaunchScreen.storyboard */; };
		B054BBDF200E9DB7004159A6 /* Insignia.swift in Sources */ = {isa = PBXBuildFile; fileRef = B054BBDE200E9DB7004159A6 /* Insignia.swift */; };
		B054BBE1200E9E8A004159A6 /* Insignias.swift in Sources */ = {isa = PBXBuildFile; fileRef = B054BBE0200E9E8A004159A6 /* Insignias.swift */; };
		B054BBE7200EA5E0004159A6 /* Card.swift in Sources */ = {isa = PBXBuildFile; fileRef = B054BBE6200EA5E0004159A6 /* Card.swift */; };
		B05D319720EA9ACD008599B3 /* 30px-Colorless.png in Resources */ = {isa = PBXBuildFile; fileRef = B05D319620EA9ACD008599B3 /* 30px-Colorless.png */; };
		B08A6B1F201661C300603113 /* MenuViewController.swift in Sources */ = {isa = PBXBuildFile; fileRef = B08A6B1E201661C300603113 /* MenuViewController.swift */; };
		B08A6B3D201900AD00603113 /* cipher_launch_screen.png in Resources */ = {isa = PBXBuildFile; fileRef = B08A6B3C201900AD00603113 /* cipher_launch_screen.png */; };
		B090747F22553C3800F4978F /* Cipher_TCGUITests.swift in Sources */ = {isa = PBXBuildFile; fileRef = B090747E22553C3800F4978F /* Cipher_TCGUITests.swift */; };
		B09EA0672106421C00FDCCEF /* card_placeholder.png in Resources */ = {isa = PBXBuildFile; fileRef = B09EA0662106421C00FDCCEF /* card_placeholder.png */; };
		B0B0233222519600001853E7 /* Cipher_TCGTests.swift in Sources */ = {isa = PBXBuildFile; fileRef = B0B0233122519600001853E7 /* Cipher_TCGTests.swift */; };
		B0D1ABDE2114DEDF0051935A /* CardPriceURLs.swift in Sources */ = {isa = PBXBuildFile; fileRef = B0D1ABDD2114DEDE0051935A /* CardPriceURLs.swift */; };
		B0E4223F20191D7C00CA879C /* .gitignore in Resources */ = {isa = PBXBuildFile; fileRef = B0E4223E20191D7C00CA879C /* .gitignore */; };
		B0E4224120191DCE00CA879C /* README.md in Resources */ = {isa = PBXBuildFile; fileRef = B0E4224020191DCE00CA879C /* README.md */; };
/* End PBXBuildFile section */

/* Begin PBXContainerItemProxy section */
		B090748122553C3800F4978F /* PBXContainerItemProxy */ = {
			isa = PBXContainerItemProxy;
			containerPortal = B054BBA7200E68AE004159A6 /* Project object */;
			proxyType = 1;
			remoteGlobalIDString = B054BBAE200E68AE004159A6;
			remoteInfo = "Cipher TCG";
		};
		B0B0233422519600001853E7 /* PBXContainerItemProxy */ = {
			isa = PBXContainerItemProxy;
			containerPortal = B054BBA7200E68AE004159A6 /* Project object */;
			proxyType = 1;
			remoteGlobalIDString = B054BBAE200E68AE004159A6;
			remoteInfo = "Cipher TCG";
		};
/* End PBXContainerItemProxy section */

/* Begin PBXFileReference section */
		B01C08B021556F2B00795F9B /* sort_by_number_button.png */ = {isa = PBXFileReference; lastKnownFileType = image.png; path = sort_by_number_button.png; sourceTree = "<group>"; };
		B01C08B121556F2B00795F9B /* sort_by_name_button.png */ = {isa = PBXFileReference; lastKnownFileType = image.png; path = sort_by_name_button.png; sourceTree = "<group>"; };
		B03C0E4C2296062C0026F2E6 /* APIService.swift */ = {isa = PBXFileReference; lastKnownFileType = sourcecode.swift; path = APIService.swift; sourceTree = "<group>"; };
		B03C0E6222961FA50026F2E6 /* carddata.txt */ = {isa = PBXFileReference; lastKnownFileType = text; path = carddata.txt; sourceTree = "<group>"; };
		B03D57D42012CCEF007A3E97 /* 30px-Black.png */ = {isa = PBXFileReference; lastKnownFileType = image.png; path = "30px-Black.png"; sourceTree = "<group>"; };
		B03D57D52012CCEF007A3E97 /* 30px-Blue.png */ = {isa = PBXFileReference; lastKnownFileType = image.png; path = "30px-Blue.png"; sourceTree = "<group>"; };
		B03D57D62012CCEF007A3E97 /* 30px-Red.png */ = {isa = PBXFileReference; lastKnownFileType = image.png; path = "30px-Red.png"; sourceTree = "<group>"; };
		B03D57D72012CCEF007A3E97 /* 30px-Yellow.png */ = {isa = PBXFileReference; lastKnownFileType = image.png; path = "30px-Yellow.png"; sourceTree = "<group>"; };
		B03D57D82012CCEF007A3E97 /* 30px-White.png */ = {isa = PBXFileReference; lastKnownFileType = image.png; path = "30px-White.png"; sourceTree = "<group>"; };
		B03D57D92012CCEF007A3E97 /* 30px-Green.png */ = {isa = PBXFileReference; lastKnownFileType = image.png; path = "30px-Green.png"; sourceTree = "<group>"; };
		B03D57DA2012CCEF007A3E97 /* 30px-Purple.png */ = {isa = PBXFileReference; lastKnownFileType = image.png; path = "30px-Purple.png"; sourceTree = "<group>"; };
		B03D58032012D169007A3E97 /* cipher_header.png */ = {isa = PBXFileReference; lastKnownFileType = image.png; path = cipher_header.png; sourceTree = "<group>"; };
		B03D58092012DBC5007A3E97 /* CardViewController.swift */ = {isa = PBXFileReference; lastKnownFileType = sourcecode.swift; path = CardViewController.swift; sourceTree = "<group>"; };
		B03D580C2013C100007A3E97 /* SegueFromLeft.swift */ = {isa = PBXFileReference; lastKnownFileType = sourcecode.swift; path = SegueFromLeft.swift; sourceTree = "<group>"; };
		B03D580E2013C1A0007A3E97 /* SegueFromRight.swift */ = {isa = PBXFileReference; lastKnownFileType = sourcecode.swift; path = SegueFromRight.swift; sourceTree = "<group>"; };
		B054BBAF200E68AE004159A6 /* Cipher TCG.app */ = {isa = PBXFileReference; explicitFileType = wrapper.application; includeInIndex = 0; path = "Cipher TCG.app"; sourceTree = BUILT_PRODUCTS_DIR; };
		B054BBB2200E68AE004159A6 /* AppDelegate.swift */ = {isa = PBXFileReference; lastKnownFileType = sourcecode.swift; path = AppDelegate.swift; sourceTree = "<group>"; };
		B054BBB4200E68AE004159A6 /* CardListViewController.swift */ = {isa = PBXFileReference; lastKnownFileType = sourcecode.swift; path = CardListViewController.swift; sourceTree = "<group>"; };
		B054BBB7200E68AE004159A6 /* Base */ = {isa = PBXFileReference; lastKnownFileType = file.storyboard; name = Base; path = Base.lproj/Main.storyboard; sourceTree = "<group>"; };
		B054BBB9200E68AE004159A6 /* Assets.xcassets */ = {isa = PBXFileReference; lastKnownFileType = folder.assetcatalog; path = Assets.xcassets; sourceTree = "<group>"; };
		B054BBBC200E68AE004159A6 /* Base */ = {isa = PBXFileReference; lastKnownFileType = file.storyboard; name = Base; path = Base.lproj/LaunchScreen.storyboard; sourceTree = "<group>"; };
		B054BBBE200E68AE004159A6 /* Info.plist */ = {isa = PBXFileReference; lastKnownFileType = text.plist.xml; path = Info.plist; sourceTree = "<group>"; };
		B054BBDE200E9DB7004159A6 /* Insignia.swift */ = {isa = PBXFileReference; lastKnownFileType = sourcecode.swift; path = Insignia.swift; sourceTree = "<group>"; };
		B054BBE0200E9E8A004159A6 /* Insignias.swift */ = {isa = PBXFileReference; lastKnownFileType = sourcecode.swift; path = Insignias.swift; sourceTree = "<group>"; };
		B054BBE6200EA5E0004159A6 /* Card.swift */ = {isa = PBXFileReference; lastKnownFileType = sourcecode.swift; path = Card.swift; sourceTree = "<group>"; };
		B05D319620EA9ACD008599B3 /* 30px-Colorless.png */ = {isa = PBXFileReference; lastKnownFileType = image.png; path = "30px-Colorless.png"; sourceTree = "<group>"; };
		B08A6B1E201661C300603113 /* MenuViewController.swift */ = {isa = PBXFileReference; lastKnownFileType = sourcecode.swift; path = MenuViewController.swift; sourceTree = "<group>"; };
		B08A6B3C201900AD00603113 /* cipher_launch_screen.png */ = {isa = PBXFileReference; lastKnownFileType = image.png; path = cipher_launch_screen.png; sourceTree = "<group>"; };
		B090747C22553C3800F4978F /* Cipher TCGUITests.xctest */ = {isa = PBXFileReference; explicitFileType = wrapper.cfbundle; includeInIndex = 0; path = "Cipher TCGUITests.xctest"; sourceTree = BUILT_PRODUCTS_DIR; };
		B090747E22553C3800F4978F /* Cipher_TCGUITests.swift */ = {isa = PBXFileReference; lastKnownFileType = sourcecode.swift; path = Cipher_TCGUITests.swift; sourceTree = "<group>"; };
		B090748022553C3800F4978F /* Info.plist */ = {isa = PBXFileReference; lastKnownFileType = text.plist.xml; path = Info.plist; sourceTree = "<group>"; };
		B09EA0662106421C00FDCCEF /* card_placeholder.png */ = {isa = PBXFileReference; lastKnownFileType = image.png; path = card_placeholder.png; sourceTree = "<group>"; };
		B0B0232F22519600001853E7 /* Cipher TCGTests.xctest */ = {isa = PBXFileReference; explicitFileType = wrapper.cfbundle; includeInIndex = 0; path = "Cipher TCGTests.xctest"; sourceTree = BUILT_PRODUCTS_DIR; };
		B0B0233122519600001853E7 /* Cipher_TCGTests.swift */ = {isa = PBXFileReference; lastKnownFileType = sourcecode.swift; path = Cipher_TCGTests.swift; sourceTree = "<group>"; };
		B0B0233322519600001853E7 /* Info.plist */ = {isa = PBXFileReference; lastKnownFileType = text.plist.xml; path = Info.plist; sourceTree = "<group>"; };
		B0D1ABDD2114DEDE0051935A /* CardPriceURLs.swift */ = {isa = PBXFileReference; lastKnownFileType = sourcecode.swift; path = CardPriceURLs.swift; sourceTree = "<group>"; };
		B0E4223E20191D7C00CA879C /* .gitignore */ = {isa = PBXFileReference; lastKnownFileType = text; path = .gitignore; sourceTree = SOURCE_ROOT; };
		B0E4224020191DCE00CA879C /* README.md */ = {isa = PBXFileReference; lastKnownFileType = net.daringfireball.markdown; path = README.md; sourceTree = SOURCE_ROOT; };
/* End PBXFileReference section */

/* Begin PBXFrameworksBuildPhase section */
		B054BBAC200E68AE004159A6 /* Frameworks */ = {
			isa = PBXFrameworksBuildPhase;
			buildActionMask = 2147483647;
			files = (
			);
			runOnlyForDeploymentPostprocessing = 0;
		};
		B090747922553C3800F4978F /* Frameworks */ = {
			isa = PBXFrameworksBuildPhase;
			buildActionMask = 2147483647;
			files = (
			);
			runOnlyForDeploymentPostprocessing = 0;
		};
		B0B0232C22519600001853E7 /* Frameworks */ = {
			isa = PBXFrameworksBuildPhase;
			buildActionMask = 2147483647;
			files = (
			);
			runOnlyForDeploymentPostprocessing = 0;
		};
/* End PBXFrameworksBuildPhase section */

/* Begin PBXGroup section */
		B03C0E4A229605F10026F2E6 /* Services */ = {
			isa = PBXGroup;
			children = (
				B03C0E4B229606080026F2E6 /* APIService */,
			);
			path = Services;
			sourceTree = "<group>";
		};
		B03C0E4B229606080026F2E6 /* APIService */ = {
			isa = PBXGroup;
			children = (
				B03C0E4C2296062C0026F2E6 /* APIService.swift */,
				B0D1ABDD2114DEDE0051935A /* CardPriceURLs.swift */,
			);
			path = APIService;
			sourceTree = "<group>";
		};
		B03C0E50229606750026F2E6 /* Card */ = {
			isa = PBXGroup;
			children = (
				B054BBE6200EA5E0004159A6 /* Card.swift */,
			);
			path = Card;
			sourceTree = "<group>";
		};
		B03C0E512296068D0026F2E6 /* Insignia */ = {
			isa = PBXGroup;
			children = (
				B054BBDE200E9DB7004159A6 /* Insignia.swift */,
				B054BBE0200E9E8A004159A6 /* Insignias.swift */,
			);
			path = Insignia;
			sourceTree = "<group>";
		};
		B03C0E55229606FB0026F2E6 /* Card */ = {
			isa = PBXGroup;
			children = (
				B054BBB4200E68AE004159A6 /* CardListViewController.swift */,
				B03D58092012DBC5007A3E97 /* CardViewController.swift */,
			);
			path = Card;
			sourceTree = "<group>";
		};
		B03C0E5C229611290026F2E6 /* Storyboards */ = {
			isa = PBXGroup;
			children = (
				B054BBB6200E68AE004159A6 /* Main.storyboard */,
				B054BBBB200E68AE004159A6 /* LaunchScreen.storyboard */,
			);
			path = Storyboards;
			sourceTree = "<group>";
		};
		B03D57D32012CCEF007A3E97 /* Insignia Categories */ = {
			isa = PBXGroup;
			children = (
				B03D57D42012CCEF007A3E97 /* 30px-Black.png */,
				B03D57D52012CCEF007A3E97 /* 30px-Blue.png */,
				B03D57D62012CCEF007A3E97 /* 30px-Red.png */,
				B03D57D72012CCEF007A3E97 /* 30px-Yellow.png */,
				B03D57D82012CCEF007A3E97 /* 30px-White.png */,
				B03D57D92012CCEF007A3E97 /* 30px-Green.png */,
				B03D57DA2012CCEF007A3E97 /* 30px-Purple.png */,
				B05D319620EA9ACD008599B3 /* 30px-Colorless.png */,
			);
			path = "Insignia Categories";
			sourceTree = "<group>";
		};
		B03D580B2013C0D5007A3E97 /* Custom Segue Animations */ = {
			isa = PBXGroup;
			children = (
				B03D580C2013C100007A3E97 /* SegueFromLeft.swift */,
				B03D580E2013C1A0007A3E97 /* SegueFromRight.swift */,
			);
			path = "Custom Segue Animations";
			sourceTree = "<group>";
		};
		B054BBA6200E68AE004159A6 = {
			isa = PBXGroup;
			children = (
				B054BBB1200E68AE004159A6 /* Cipher TCG */,
				B0B0233022519600001853E7 /* Cipher TCGTests */,
				B090747D22553C3800F4978F /* Cipher TCGUITests */,
				B054BBB0200E68AE004159A6 /* Products */,
			);
			sourceTree = "<group>";
		};
		B054BBB0200E68AE004159A6 /* Products */ = {
			isa = PBXGroup;
			children = (
				B054BBAF200E68AE004159A6 /* Cipher TCG.app */,
				B0B0232F22519600001853E7 /* Cipher TCGTests.xctest */,
				B090747C22553C3800F4978F /* Cipher TCGUITests.xctest */,
			);
			name = Products;
			sourceTree = "<group>";
		};
		B054BBB1200E68AE004159A6 /* Cipher TCG */ = {
			isa = PBXGroup;
			children = (
				B03C0E5C229611290026F2E6 /* Storyboards */,
				B054BBC4200E6E5F004159A6 /* View Controllers */,
				B054BBC7200E7665004159A6 /* Models */,
				B03D580B2013C0D5007A3E97 /* Custom Segue Animations */,
				B03C0E4A229605F10026F2E6 /* Services */,
				B054BBCC200E7BF4004159A6 /* Assets */,
				B054BBB2200E68AE004159A6 /* AppDelegate.swift */,
				B054BBBE200E68AE004159A6 /* Info.plist */,
				B0E4223E20191D7C00CA879C /* .gitignore */,
				B0E4224020191DCE00CA879C /* README.md */,
				B03C0E6222961FA50026F2E6 /* carddata.txt */,
			);
			path = "Cipher TCG";
			sourceTree = "<group>";
		};
		B054BBC4200E6E5F004159A6 /* View Controllers */ = {
			isa = PBXGroup;
			children = (
				B03C0E55229606FB0026F2E6 /* Card */,
				B08A6B1E201661C300603113 /* MenuViewController.swift */,
			);
			path = "View Controllers";
			sourceTree = "<group>";
		};
		B054BBC7200E7665004159A6 /* Models */ = {
			isa = PBXGroup;
			children = (
				B03C0E50229606750026F2E6 /* Card */,
				B03C0E512296068D0026F2E6 /* Insignia */,
			);
			path = Models;
			sourceTree = "<group>";
		};
		B054BBCC200E7BF4004159A6 /* Assets */ = {
			isa = PBXGroup;
			children = (
				B054BBB9200E68AE004159A6 /* Assets.xcassets */,
				B054BBCD200E7C03004159A6 /* Images */,
			);
			path = Assets;
			sourceTree = "<group>";
		};
		B054BBCD200E7C03004159A6 /* Images */ = {
			isa = PBXGroup;
			children = (
				B08A6B3C201900AD00603113 /* cipher_launch_screen.png */,
				B03D58032012D169007A3E97 /* cipher_header.png */,
				B09EA0662106421C00FDCCEF /* card_placeholder.png */,
				B01C08B121556F2B00795F9B /* sort_by_name_button.png */,
				B01C08B021556F2B00795F9B /* sort_by_number_button.png */,
				B03D57D32012CCEF007A3E97 /* Insignia Categories */,
			);
			path = Images;
			sourceTree = "<group>";
		};
		B090747D22553C3800F4978F /* Cipher TCGUITests */ = {
			isa = PBXGroup;
			children = (
				B090747E22553C3800F4978F /* Cipher_TCGUITests.swift */,
				B090748022553C3800F4978F /* Info.plist */,
			);
			path = "Cipher TCGUITests";
			sourceTree = "<group>";
		};
		B0B0233022519600001853E7 /* Cipher TCGTests */ = {
			isa = PBXGroup;
			children = (
				B0B0233122519600001853E7 /* Cipher_TCGTests.swift */,
				B0B0233322519600001853E7 /* Info.plist */,
			);
			path = "Cipher TCGTests";
			sourceTree = "<group>";
		};
/* End PBXGroup section */

/* Begin PBXNativeTarget section */
		B054BBAE200E68AE004159A6 /* Cipher TCG */ = {
			isa = PBXNativeTarget;
			buildConfigurationList = B054BBC1200E68AE004159A6 /* Build configuration list for PBXNativeTarget "Cipher TCG" */;
			buildPhases = (
				B054BBAB200E68AE004159A6 /* Sources */,
				B054BBAC200E68AE004159A6 /* Frameworks */,
				B054BBAD200E68AE004159A6 /* Resources */,
			);
			buildRules = (
			);
			dependencies = (
			);
			name = "Cipher TCG";
			productName = "Cipher TCG";
			productReference = B054BBAF200E68AE004159A6 /* Cipher TCG.app */;
			productType = "com.apple.product-type.application";
		};
		B090747B22553C3800F4978F /* Cipher TCGUITests */ = {
			isa = PBXNativeTarget;
			buildConfigurationList = B090748522553C3800F4978F /* Build configuration list for PBXNativeTarget "Cipher TCGUITests" */;
			buildPhases = (
				B090747822553C3800F4978F /* Sources */,
				B090747922553C3800F4978F /* Frameworks */,
				B090747A22553C3800F4978F /* Resources */,
			);
			buildRules = (
			);
			dependencies = (
				B090748222553C3800F4978F /* PBXTargetDependency */,
			);
			name = "Cipher TCGUITests";
			productName = "Cipher TCGUITests";
			productReference = B090747C22553C3800F4978F /* Cipher TCGUITests.xctest */;
			productType = "com.apple.product-type.bundle.ui-testing";
		};
		B0B0232E22519600001853E7 /* Cipher TCGTests */ = {
			isa = PBXNativeTarget;
			buildConfigurationList = B0B0233822519600001853E7 /* Build configuration list for PBXNativeTarget "Cipher TCGTests" */;
			buildPhases = (
				B0B0232B22519600001853E7 /* Sources */,
				B0B0232C22519600001853E7 /* Frameworks */,
				B0B0232D22519600001853E7 /* Resources */,
			);
			buildRules = (
			);
			dependencies = (
				B0B0233522519600001853E7 /* PBXTargetDependency */,
			);
			name = "Cipher TCGTests";
			productName = "Cipher TCGTests";
			productReference = B0B0232F22519600001853E7 /* Cipher TCGTests.xctest */;
			productType = "com.apple.product-type.bundle.unit-test";
		};
/* End PBXNativeTarget section */

/* Begin PBXProject section */
		B054BBA7200E68AE004159A6 /* Project object */ = {
			isa = PBXProject;
			attributes = {
				LastSwiftUpdateCheck = 1020;
				LastUpgradeCheck = 0940;
				ORGANIZATIONNAME = "Dylan Rothfeld";
				TargetAttributes = {
					B054BBAE200E68AE004159A6 = {
						CreatedOnToolsVersion = 9.2;
						LastSwiftMigration = 1020;
						ProvisioningStyle = Automatic;
					};
					B090747B22553C3800F4978F = {
						CreatedOnToolsVersion = 10.2;
						ProvisioningStyle = Automatic;
						TestTargetID = B054BBAE200E68AE004159A6;
					};
					B0B0232E22519600001853E7 = {
						CreatedOnToolsVersion = 10.2;
						ProvisioningStyle = Automatic;
						TestTargetID = B054BBAE200E68AE004159A6;
					};
				};
			};
			buildConfigurationList = B054BBAA200E68AE004159A6 /* Build configuration list for PBXProject "Cipher TCG" */;
			compatibilityVersion = "Xcode 8.0";
			developmentRegion = en;
			hasScannedForEncodings = 0;
			knownRegions = (
				en,
				Base,
			);
			mainGroup = B054BBA6200E68AE004159A6;
			productRefGroup = B054BBB0200E68AE004159A6 /* Products */;
			projectDirPath = "";
			projectRoot = "";
			targets = (
				B054BBAE200E68AE004159A6 /* Cipher TCG */,
				B0B0232E22519600001853E7 /* Cipher TCGTests */,
				B090747B22553C3800F4978F /* Cipher TCGUITests */,
			);
		};
/* End PBXProject section */

/* Begin PBXResourcesBuildPhase section */
		B054BBAD200E68AE004159A6 /* Resources */ = {
			isa = PBXResourcesBuildPhase;
			buildActionMask = 2147483647;
			files = (
				B03D57DC2012CCEF007A3E97 /* 30px-Blue.png in Resources */,
				B03C0E6322961FA50026F2E6 /* carddata.txt in Resources */,
				B0E4223F20191D7C00CA879C /* .gitignore in Resources */,
				B054BBBD200E68AE004159A6 /* LaunchScreen.storyboard in Resources */,
				B01C08B321556F2B00795F9B /* sort_by_name_button.png in Resources */,
				B05D319720EA9ACD008599B3 /* 30px-Colorless.png in Resources */,
				B03D57DE2012CCEF007A3E97 /* 30px-Yellow.png in Resources */,
				B01C08B221556F2B00795F9B /* sort_by_number_button.png in Resources */,
				B03D57E12012CCEF007A3E97 /* 30px-Purple.png in Resources */,
				B054BBBA200E68AE004159A6 /* Assets.xcassets in Resources */,
				B03D57E02012CCEF007A3E97 /* 30px-Green.png in Resources */,
				B03D57DD2012CCEF007A3E97 /* 30px-Red.png in Resources */,
				B0E4224120191DCE00CA879C /* README.md in Resources */,
				B09EA0672106421C00FDCCEF /* card_placeholder.png in Resources */,
				B03D57DF2012CCEF007A3E97 /* 30px-White.png in Resources */,
				B054BBB8200E68AE004159A6 /* Main.storyboard in Resources */,
				B03D57DB2012CCEF007A3E97 /* 30px-Black.png in Resources */,
				B03D58042012D169007A3E97 /* cipher_header.png in Resources */,
				B08A6B3D201900AD00603113 /* cipher_launch_screen.png in Resources */,
			);
			runOnlyForDeploymentPostprocessing = 0;
		};
		B090747A22553C3800F4978F /* Resources */ = {
			isa = PBXResourcesBuildPhase;
			buildActionMask = 2147483647;
			files = (
			);
			runOnlyForDeploymentPostprocessing = 0;
		};
		B0B0232D22519600001853E7 /* Resources */ = {
			isa = PBXResourcesBuildPhase;
			buildActionMask = 2147483647;
			files = (
			);
			runOnlyForDeploymentPostprocessing = 0;
		};
/* End PBXResourcesBuildPhase section */

/* Begin PBXSourcesBuildPhase section */
		B054BBAB200E68AE004159A6 /* Sources */ = {
			isa = PBXSourcesBuildPhase;
			buildActionMask = 2147483647;
			files = (
				B03C0E4D2296062C0026F2E6 /* APIService.swift in Sources */,
				B054BBDF200E9DB7004159A6 /* Insignia.swift in Sources */,
				B054BBE7200EA5E0004159A6 /* Card.swift in Sources */,
				B03D580F2013C1A0007A3E97 /* SegueFromRight.swift in Sources */,
				B03D580D2013C100007A3E97 /* SegueFromLeft.swift in Sources */,
				B08A6B1F201661C300603113 /* MenuViewController.swift in Sources */,
				B054BBE1200E9E8A004159A6 /* Insignias.swift in Sources */,
				B03D580A2012DBC5007A3E97 /* CardViewController.swift in Sources */,
				B054BBB3200E68AE004159A6 /* AppDelegate.swift in Sources */,
				B0D1ABDE2114DEDF0051935A /* CardPriceURLs.swift in Sources */,
				B054BBB5200E68AE004159A6 /* CardListViewController.swift in Sources */,
			);
			runOnlyForDeploymentPostprocessing = 0;
		};
		B090747822553C3800F4978F /* Sources */ = {
			isa = PBXSourcesBuildPhase;
			buildActionMask = 2147483647;
			files = (
				B090747F22553C3800F4978F /* Cipher_TCGUITests.swift in Sources */,
			);
			runOnlyForDeploymentPostprocessing = 0;
		};
		B0B0232B22519600001853E7 /* Sources */ = {
			isa = PBXSourcesBuildPhase;
			buildActionMask = 2147483647;
			files = (
				B0B0233222519600001853E7 /* Cipher_TCGTests.swift in Sources */,
			);
			runOnlyForDeploymentPostprocessing = 0;
		};
/* End PBXSourcesBuildPhase section */

/* Begin PBXTargetDependency section */
		B090748222553C3800F4978F /* PBXTargetDependency */ = {
			isa = PBXTargetDependency;
			target = B054BBAE200E68AE004159A6 /* Cipher TCG */;
			targetProxy = B090748122553C3800F4978F /* PBXContainerItemProxy */;
		};
		B0B0233522519600001853E7 /* PBXTargetDependency */ = {
			isa = PBXTargetDependency;
			target = B054BBAE200E68AE004159A6 /* Cipher TCG */;
			targetProxy = B0B0233422519600001853E7 /* PBXContainerItemProxy */;
		};
/* End PBXTargetDependency section */

/* Begin PBXVariantGroup section */
		B054BBB6200E68AE004159A6 /* Main.storyboard */ = {
			isa = PBXVariantGroup;
			children = (
				B054BBB7200E68AE004159A6 /* Base */,
			);
			name = Main.storyboard;
			sourceTree = "<group>";
		};
		B054BBBB200E68AE004159A6 /* LaunchScreen.storyboard */ = {
			isa = PBXVariantGroup;
			children = (
				B054BBBC200E68AE004159A6 /* Base */,
			);
			name = LaunchScreen.storyboard;
			sourceTree = "<group>";
		};
/* End PBXVariantGroup section */

/* Begin XCBuildConfiguration section */
		B054BBBF200E68AE004159A6 /* Debug */ = {
			isa = XCBuildConfiguration;
			buildSettings = {
				ALWAYS_SEARCH_USER_PATHS = NO;
				CLANG_ANALYZER_NONNULL = YES;
				CLANG_ANALYZER_NUMBER_OBJECT_CONVERSION = YES_AGGRESSIVE;
				CLANG_CXX_LANGUAGE_STANDARD = "gnu++14";
				CLANG_CXX_LIBRARY = "libc++";
				CLANG_ENABLE_MODULES = YES;
				CLANG_ENABLE_OBJC_ARC = YES;
				CLANG_WARN_BLOCK_CAPTURE_AUTORELEASING = YES;
				CLANG_WARN_BOOL_CONVERSION = YES;
				CLANG_WARN_COMMA = YES;
				CLANG_WARN_CONSTANT_CONVERSION = YES;
				CLANG_WARN_DEPRECATED_OBJC_IMPLEMENTATIONS = YES;
				CLANG_WARN_DIRECT_OBJC_ISA_USAGE = YES_ERROR;
				CLANG_WARN_DOCUMENTATION_COMMENTS = YES;
				CLANG_WARN_EMPTY_BODY = YES;
				CLANG_WARN_ENUM_CONVERSION = YES;
				CLANG_WARN_INFINITE_RECURSION = YES;
				CLANG_WARN_INT_CONVERSION = YES;
				CLANG_WARN_NON_LITERAL_NULL_CONVERSION = YES;
				CLANG_WARN_OBJC_IMPLICIT_RETAIN_SELF = YES;
				CLANG_WARN_OBJC_LITERAL_CONVERSION = YES;
				CLANG_WARN_OBJC_ROOT_CLASS = YES_ERROR;
				CLANG_WARN_RANGE_LOOP_ANALYSIS = YES;
				CLANG_WARN_STRICT_PROTOTYPES = YES;
				CLANG_WARN_SUSPICIOUS_MOVE = YES;
				CLANG_WARN_UNGUARDED_AVAILABILITY = YES_AGGRESSIVE;
				CLANG_WARN_UNREACHABLE_CODE = YES;
				CLANG_WARN__DUPLICATE_METHOD_MATCH = YES;
				CODE_SIGN_IDENTITY = "iPhone Developer";
				COPY_PHASE_STRIP = NO;
				DEBUG_INFORMATION_FORMAT = dwarf;
				ENABLE_STRICT_OBJC_MSGSEND = YES;
				ENABLE_TESTABILITY = YES;
				GCC_C_LANGUAGE_STANDARD = gnu11;
				GCC_DYNAMIC_NO_PIC = NO;
				GCC_NO_COMMON_BLOCKS = YES;
				GCC_OPTIMIZATION_LEVEL = 0;
				GCC_PREPROCESSOR_DEFINITIONS = (
					"DEBUG=1",
					"$(inherited)",
				);
				GCC_WARN_64_TO_32_BIT_CONVERSION = YES;
				GCC_WARN_ABOUT_RETURN_TYPE = YES_ERROR;
				GCC_WARN_UNDECLARED_SELECTOR = YES;
				GCC_WARN_UNINITIALIZED_AUTOS = YES_AGGRESSIVE;
				GCC_WARN_UNUSED_FUNCTION = YES;
				GCC_WARN_UNUSED_VARIABLE = YES;
				IPHONEOS_DEPLOYMENT_TARGET = 11.2;
				MTL_ENABLE_DEBUG_INFO = YES;
				ONLY_ACTIVE_ARCH = YES;
				SDKROOT = iphoneos;
				SWIFT_ACTIVE_COMPILATION_CONDITIONS = DEBUG;
				SWIFT_OPTIMIZATION_LEVEL = "-Onone";
			};
			name = Debug;
		};
		B054BBC0200E68AE004159A6 /* Release */ = {
			isa = XCBuildConfiguration;
			buildSettings = {
				ALWAYS_SEARCH_USER_PATHS = NO;
				CLANG_ANALYZER_NONNULL = YES;
				CLANG_ANALYZER_NUMBER_OBJECT_CONVERSION = YES_AGGRESSIVE;
				CLANG_CXX_LANGUAGE_STANDARD = "gnu++14";
				CLANG_CXX_LIBRARY = "libc++";
				CLANG_ENABLE_MODULES = YES;
				CLANG_ENABLE_OBJC_ARC = YES;
				CLANG_WARN_BLOCK_CAPTURE_AUTORELEASING = YES;
				CLANG_WARN_BOOL_CONVERSION = YES;
				CLANG_WARN_COMMA = YES;
				CLANG_WARN_CONSTANT_CONVERSION = YES;
				CLANG_WARN_DEPRECATED_OBJC_IMPLEMENTATIONS = YES;
				CLANG_WARN_DIRECT_OBJC_ISA_USAGE = YES_ERROR;
				CLANG_WARN_DOCUMENTATION_COMMENTS = YES;
				CLANG_WARN_EMPTY_BODY = YES;
				CLANG_WARN_ENUM_CONVERSION = YES;
				CLANG_WARN_INFINITE_RECURSION = YES;
				CLANG_WARN_INT_CONVERSION = YES;
				CLANG_WARN_NON_LITERAL_NULL_CONVERSION = YES;
				CLANG_WARN_OBJC_IMPLICIT_RETAIN_SELF = YES;
				CLANG_WARN_OBJC_LITERAL_CONVERSION = YES;
				CLANG_WARN_OBJC_ROOT_CLASS = YES_ERROR;
				CLANG_WARN_RANGE_LOOP_ANALYSIS = YES;
				CLANG_WARN_STRICT_PROTOTYPES = YES;
				CLANG_WARN_SUSPICIOUS_MOVE = YES;
				CLANG_WARN_UNGUARDED_AVAILABILITY = YES_AGGRESSIVE;
				CLANG_WARN_UNREACHABLE_CODE = YES;
				CLANG_WARN__DUPLICATE_METHOD_MATCH = YES;
				CODE_SIGN_IDENTITY = "iPhone Developer";
				COPY_PHASE_STRIP = NO;
				DEBUG_INFORMATION_FORMAT = "dwarf-with-dsym";
				ENABLE_NS_ASSERTIONS = NO;
				ENABLE_STRICT_OBJC_MSGSEND = YES;
				GCC_C_LANGUAGE_STANDARD = gnu11;
				GCC_NO_COMMON_BLOCKS = YES;
				GCC_WARN_64_TO_32_BIT_CONVERSION = YES;
				GCC_WARN_ABOUT_RETURN_TYPE = YES_ERROR;
				GCC_WARN_UNDECLARED_SELECTOR = YES;
				GCC_WARN_UNINITIALIZED_AUTOS = YES_AGGRESSIVE;
				GCC_WARN_UNUSED_FUNCTION = YES;
				GCC_WARN_UNUSED_VARIABLE = YES;
				IPHONEOS_DEPLOYMENT_TARGET = 11.2;
				MTL_ENABLE_DEBUG_INFO = NO;
				SDKROOT = iphoneos;
				SWIFT_OPTIMIZATION_LEVEL = "-Owholemodule";
				VALIDATE_PRODUCT = YES;
			};
			name = Release;
		};
		B054BBC2200E68AE004159A6 /* Debug */ = {
			isa = XCBuildConfiguration;
			buildSettings = {
				ASSETCATALOG_COMPILER_APPICON_NAME = AppIcon;
				CODE_SIGN_IDENTITY = "iPhone Developer";
				CODE_SIGN_STYLE = Automatic;
				DEVELOPMENT_TEAM = X984X22XTP;
				INFOPLIST_FILE = "Cipher TCG/Info.plist";
				LD_RUNPATH_SEARCH_PATHS = "$(inherited) @executable_path/Frameworks";
				PRODUCT_BUNDLE_IDENTIFIER = "drothfeld.Cipher-TCG";
				PRODUCT_NAME = "$(TARGET_NAME)";
				PROVISIONING_PROFILE_SPECIFIER = "";
				SWIFT_VERSION = 5.0;
				TARGETED_DEVICE_FAMILY = "1,2";
			};
			name = Debug;
		};
		B054BBC3200E68AE004159A6 /* Release */ = {
			isa = XCBuildConfiguration;
			buildSettings = {
				ASSETCATALOG_COMPILER_APPICON_NAME = AppIcon;
				CODE_SIGN_IDENTITY = "iPhone Developer";
				CODE_SIGN_STYLE = Automatic;
				DEVELOPMENT_TEAM = X984X22XTP;
				INFOPLIST_FILE = "Cipher TCG/Info.plist";
				LD_RUNPATH_SEARCH_PATHS = "$(inherited) @executable_path/Frameworks";
				PRODUCT_BUNDLE_IDENTIFIER = "drothfeld.Cipher-TCG";
				PRODUCT_NAME = "$(TARGET_NAME)";
				PROVISIONING_PROFILE_SPECIFIER = "";
				SWIFT_VERSION = 5.0;
				TARGETED_DEVICE_FAMILY = "1,2";
			};
			name = Release;
		};
		B090748322553C3800F4978F /* Debug */ = {
			isa = XCBuildConfiguration;
			buildSettings = {
				CLANG_ENABLE_OBJC_WEAK = YES;
				CODE_SIGN_STYLE = Automatic;
				DEVELOPMENT_TEAM = X984X22XTP;
				INFOPLIST_FILE = "Cipher TCGUITests/Info.plist";
				IPHONEOS_DEPLOYMENT_TARGET = 12.2;
				LD_RUNPATH_SEARCH_PATHS = "$(inherited) @executable_path/Frameworks @loader_path/Frameworks";
				MTL_ENABLE_DEBUG_INFO = INCLUDE_SOURCE;
				MTL_FAST_MATH = YES;
				PRODUCT_BUNDLE_IDENTIFIER = "drothfeld.Cipher-TCGUITests";
				PRODUCT_NAME = "$(TARGET_NAME)";
				SWIFT_VERSION = 5.0;
				TARGETED_DEVICE_FAMILY = "1,2";
				TEST_TARGET_NAME = "Cipher TCG";
			};
			name = Debug;
		};
		B090748422553C3800F4978F /* Release */ = {
			isa = XCBuildConfiguration;
			buildSettings = {
				CLANG_ENABLE_OBJC_WEAK = YES;
				CODE_SIGN_STYLE = Automatic;
				DEVELOPMENT_TEAM = X984X22XTP;
				INFOPLIST_FILE = "Cipher TCGUITests/Info.plist";
				IPHONEOS_DEPLOYMENT_TARGET = 12.2;
				LD_RUNPATH_SEARCH_PATHS = "$(inherited) @executable_path/Frameworks @loader_path/Frameworks";
				MTL_FAST_MATH = YES;
				PRODUCT_BUNDLE_IDENTIFIER = "drothfeld.Cipher-TCGUITests";
				PRODUCT_NAME = "$(TARGET_NAME)";
				SWIFT_VERSION = 5.0;
				TARGETED_DEVICE_FAMILY = "1,2";
				TEST_TARGET_NAME = "Cipher TCG";
			};
			name = Release;
		};
		B0B0233622519600001853E7 /* Debug */ = {
			isa = XCBuildConfiguration;
			buildSettings = {
				BUNDLE_LOADER = "$(TEST_HOST)";
				CLANG_ENABLE_OBJC_WEAK = YES;
				CODE_SIGN_STYLE = Automatic;
				DEVELOPMENT_TEAM = X984X22XTP;
				INFOPLIST_FILE = "Cipher TCGTests/Info.plist";
				IPHONEOS_DEPLOYMENT_TARGET = 12.2;
				LD_RUNPATH_SEARCH_PATHS = "$(inherited) @executable_path/Frameworks @loader_path/Frameworks";
				MTL_ENABLE_DEBUG_INFO = INCLUDE_SOURCE;
				MTL_FAST_MATH = YES;
				PRODUCT_BUNDLE_IDENTIFIER = "drothfeld.Cipher-TCGTests";
				PRODUCT_NAME = "$(TARGET_NAME)";
				SWIFT_VERSION = 5.0;
				TARGETED_DEVICE_FAMILY = "1,2";
				TEST_HOST = "$(BUILT_PRODUCTS_DIR)/Cipher TCG.app/Cipher TCG";
			};
			name = Debug;
		};
		B0B0233722519600001853E7 /* Release */ = {
			isa = XCBuildConfiguration;
			buildSettings = {
				BUNDLE_LOADER = "$(TEST_HOST)";
				CLANG_ENABLE_OBJC_WEAK = YES;
				CODE_SIGN_STYLE = Automatic;
				DEVELOPMENT_TEAM = X984X22XTP;
				INFOPLIST_FILE = "Cipher TCGTests/Info.plist";
				IPHONEOS_DEPLOYMENT_TARGET = 12.2;
				LD_RUNPATH_SEARCH_PATHS = "$(inherited) @executable_path/Frameworks @loader_path/Frameworks";
				MTL_FAST_MATH = YES;
				PRODUCT_BUNDLE_IDENTIFIER = "drothfeld.Cipher-TCGTests";
				PRODUCT_NAME = "$(TARGET_NAME)";
				SWIFT_VERSION = 5.0;
				TARGETED_DEVICE_FAMILY = "1,2";
				TEST_HOST = "$(BUILT_PRODUCTS_DIR)/Cipher TCG.app/Cipher TCG";
			};
			name = Release;
		};
/* End XCBuildConfiguration section */

/* Begin XCConfigurationList section */
		B054BBAA200E68AE004159A6 /* Build configuration list for PBXProject "Cipher TCG" */ = {
			isa = XCConfigurationList;
			buildConfigurations = (
				B054BBBF200E68AE004159A6 /* Debug */,
				B054BBC0200E68AE004159A6 /* Release */,
			);
			defaultConfigurationIsVisible = 0;
			defaultConfigurationName = Release;
		};
		B054BBC1200E68AE004159A6 /* Build configuration list for PBXNativeTarget "Cipher TCG" */ = {
			isa = XCConfigurationList;
			buildConfigurations = (
				B054BBC2200E68AE004159A6 /* Debug */,
				B054BBC3200E68AE004159A6 /* Release */,
			);
			defaultConfigurationIsVisible = 0;
			defaultConfigurationName = Release;
		};
		B090748522553C3800F4978F /* Build configuration list for PBXNativeTarget "Cipher TCGUITests" */ = {
			isa = XCConfigurationList;
			buildConfigurations = (
				B090748322553C3800F4978F /* Debug */,
				B090748422553C3800F4978F /* Release */,
			);
			defaultConfigurationIsVisible = 0;
			defaultConfigurationName = Release;
		};
		B0B0233822519600001853E7 /* Build configuration list for PBXNativeTarget "Cipher TCGTests" */ = {
			isa = XCConfigurationList;
			buildConfigurations = (
				B0B0233622519600001853E7 /* Debug */,
				B0B0233722519600001853E7 /* Release */,
			);
			defaultConfigurationIsVisible = 0;
			defaultConfigurationName = Release;
		};
/* End XCConfigurationList section */
	};
	rootObject = B054BBA7200E68AE004159A6 /* Project object */;
}
